
Microsoft Visual Studio Solution File, Format Version 12.00
# Visual Studio Version 16
VisualStudioVersion = 16.0.30914.41
MinimumVisualStudioVersion = 10.0.40219.1
Project("{9A19103F-16F7-4668-BE54-9A1E7A4F7556}") = "Abstractions", "src\Abstractions\Abstractions.csproj", "{563C2F67-F82E-4ED3-9F1F-4C09CC23D820}"
EndProject
Project("{9A19103F-16F7-4668-BE54-9A1E7A4F7556}") = "Core", "src\Core\Core.csproj", "{53FCDD5F-DFD5-462D-BD38-C388B3179E07}"
EndProject
Project("{9A19103F-16F7-4668-BE54-9A1E7A4F7556}") = "Store.Mongo", "src\Store.Mongo\Store.Mongo.csproj", "{549DC3F8-B57D-4022-A75E-33EA496CD514}"
EndProject
Project("{9A19103F-16F7-4668-BE54-9A1E7A4F7556}") = "GraphQL", "src\GraphQL\GraphQL.csproj", "{91AECCEA-6739-4850-9F28-8ED5D463D668}"
EndProject
Project("{9A19103F-16F7-4668-BE54-9A1E7A4F7556}") = "Api.Host", "src\Api.Host\Api.Host.csproj", "{47E87214-F032-416C-9B50-1A5D6C17D61C}"
EndProject
Project("{2150E333-8FDC-42A3-9474-1A3956D46DE8}") = "IdentityServer", "IdentityServer", "{A06F3553-E87B-4529-BBAF-7ECE7F69869C}"
EndProject
Project("{9A19103F-16F7-4668-BE54-9A1E7A4F7556}") = "IdentityServer.Storage", "..\IdentityServer\src\IdentityServer.Storage\IdentityServer.Storage.csproj", "{D60D6D1C-4EA7-4D03-B46E-4A9BE564DB69}"
EndProject
Project("{2150E333-8FDC-42A3-9474-1A3956D46DE8}") = "tools", "tools", "{C4B71C37-462F-4BAB-ADC8-317ED661E62A}"
EndProject
Project("{9A19103F-16F7-4668-BE54-9A1E7A4F7556}") = "IdOps.Importer", "tools\IdOps.Importer\IdOps.Importer.csproj", "{19CFE4D0-1CC0-4D3E-91B7-A56D36EFC2CE}"
EndProject
Project("{2150E333-8FDC-42A3-9474-1A3956D46DE8}") = ".props", ".props", "{A7F9ECC0-D7B0-4EEF-9EAF-831824F98A1F}"
	ProjectSection(SolutionItems) = preProject
		..\Directory.Build.props = ..\Directory.Build.props
		..\Versions.props = ..\Versions.props
		..\..\global.json = ..\..\global.json
	EndProjectSection
EndProject
Project("{2150E333-8FDC-42A3-9474-1A3956D46DE8}") = "test", "test", "{6D0AA81C-9C76-421F-8CA0-38EDC8FD32C0}"
EndProject
Project("{9A19103F-16F7-4668-BE54-9A1E7A4F7556}") = "Host.Tests", "test\Host.Tests\Host.Tests.csproj", "{513E9905-CD7B-4F44-AA23-904C8F61321A}"
EndProject
Project("{2150E333-8FDC-42A3-9474-1A3956D46DE8}") = "src", "src", "{788D8B33-B20E-47F7-842F-0864D1AC26D1}"
EndProject
Project("{9A19103F-16F7-4668-BE54-9A1E7A4F7556}") = "Authorization", "src\Authorization\Authorization.csproj", "{91563BB6-F23A-44BD-99B5-127DAB762212}"
EndProject
Project("{9A19103F-16F7-4668-BE54-9A1E7A4F7556}") = "AspNet", "src\AspNet\AspNet.csproj", "{8BEE729F-5112-40F6-B6C1-6AC9D778C801}"
EndProject
Project("{9A19103F-16F7-4668-BE54-9A1E7A4F7556}") = "Core.Tests", "test\Core.Tests\Core.Tests.csproj", "{BC25D0B1-1596-4600-A90C-D525F49E37FD}"
EndProject
Project("{FAE04EC0-301F-11D3-BF4B-00C04F79EFBC}") = "GraphQL.Tests", "test\GraphQL.Tests\GraphQL.Tests.csproj", "{168C2909-BB11-4E53-A363-B196B70456BB}"
EndProject
Project("{FAE04EC0-301F-11D3-BF4B-00C04F79EFBC}") = "Hashing", "..\IdentityServer\src\Hashing\Hashing.csproj", "{6F54E528-51F5-4BDC-809E-D3235958C479}"
EndProject
Global
	GlobalSection(SolutionConfigurationPlatforms) = preSolution
		Debug|Any CPU = Debug|Any CPU
		Release|Any CPU = Release|Any CPU
	EndGlobalSection
	GlobalSection(ProjectConfigurationPlatforms) = postSolution
		{563C2F67-F82E-4ED3-9F1F-4C09CC23D820}.Debug|Any CPU.ActiveCfg = Debug|Any CPU
		{563C2F67-F82E-4ED3-9F1F-4C09CC23D820}.Debug|Any CPU.Build.0 = Debug|Any CPU
		{563C2F67-F82E-4ED3-9F1F-4C09CC23D820}.Release|Any CPU.ActiveCfg = Release|Any CPU
		{563C2F67-F82E-4ED3-9F1F-4C09CC23D820}.Release|Any CPU.Build.0 = Release|Any CPU
		{53FCDD5F-DFD5-462D-BD38-C388B3179E07}.Debug|Any CPU.ActiveCfg = Debug|Any CPU
		{53FCDD5F-DFD5-462D-BD38-C388B3179E07}.Debug|Any CPU.Build.0 = Debug|Any CPU
		{53FCDD5F-DFD5-462D-BD38-C388B3179E07}.Release|Any CPU.ActiveCfg = Release|Any CPU
		{53FCDD5F-DFD5-462D-BD38-C388B3179E07}.Release|Any CPU.Build.0 = Release|Any CPU
		{549DC3F8-B57D-4022-A75E-33EA496CD514}.Debug|Any CPU.ActiveCfg = Debug|Any CPU
		{549DC3F8-B57D-4022-A75E-33EA496CD514}.Debug|Any CPU.Build.0 = Debug|Any CPU
		{549DC3F8-B57D-4022-A75E-33EA496CD514}.Release|Any CPU.ActiveCfg = Release|Any CPU
		{549DC3F8-B57D-4022-A75E-33EA496CD514}.Release|Any CPU.Build.0 = Release|Any CPU
		{91AECCEA-6739-4850-9F28-8ED5D463D668}.Debug|Any CPU.ActiveCfg = Debug|Any CPU
		{91AECCEA-6739-4850-9F28-8ED5D463D668}.Debug|Any CPU.Build.0 = Debug|Any CPU
		{91AECCEA-6739-4850-9F28-8ED5D463D668}.Release|Any CPU.ActiveCfg = Release|Any CPU
		{91AECCEA-6739-4850-9F28-8ED5D463D668}.Release|Any CPU.Build.0 = Release|Any CPU
		{47E87214-F032-416C-9B50-1A5D6C17D61C}.Debug|Any CPU.ActiveCfg = Debug|Any CPU
		{47E87214-F032-416C-9B50-1A5D6C17D61C}.Debug|Any CPU.Build.0 = Debug|Any CPU
		{47E87214-F032-416C-9B50-1A5D6C17D61C}.Release|Any CPU.ActiveCfg = Release|Any CPU
		{47E87214-F032-416C-9B50-1A5D6C17D61C}.Release|Any CPU.Build.0 = Release|Any CPU
		{D60D6D1C-4EA7-4D03-B46E-4A9BE564DB69}.Debug|Any CPU.ActiveCfg = Debug|Any CPU
		{D60D6D1C-4EA7-4D03-B46E-4A9BE564DB69}.Debug|Any CPU.Build.0 = Debug|Any CPU
		{D60D6D1C-4EA7-4D03-B46E-4A9BE564DB69}.Release|Any CPU.ActiveCfg = Release|Any CPU
		{D60D6D1C-4EA7-4D03-B46E-4A9BE564DB69}.Release|Any CPU.Build.0 = Release|Any CPU
		{19CFE4D0-1CC0-4D3E-91B7-A56D36EFC2CE}.Debug|Any CPU.ActiveCfg = Debug|Any CPU
		{19CFE4D0-1CC0-4D3E-91B7-A56D36EFC2CE}.Debug|Any CPU.Build.0 = Debug|Any CPU
		{19CFE4D0-1CC0-4D3E-91B7-A56D36EFC2CE}.Release|Any CPU.ActiveCfg = Release|Any CPU
		{19CFE4D0-1CC0-4D3E-91B7-A56D36EFC2CE}.Release|Any CPU.Build.0 = Release|Any CPU
		{513E9905-CD7B-4F44-AA23-904C8F61321A}.Debug|Any CPU.ActiveCfg = Debug|Any CPU
		{513E9905-CD7B-4F44-AA23-904C8F61321A}.Debug|Any CPU.Build.0 = Debug|Any CPU
		{513E9905-CD7B-4F44-AA23-904C8F61321A}.Release|Any CPU.ActiveCfg = Release|Any CPU
		{513E9905-CD7B-4F44-AA23-904C8F61321A}.Release|Any CPU.Build.0 = Release|Any CPU
		{91563BB6-F23A-44BD-99B5-127DAB762212}.Debug|Any CPU.ActiveCfg = Debug|Any CPU
		{91563BB6-F23A-44BD-99B5-127DAB762212}.Debug|Any CPU.Build.0 = Debug|Any CPU
		{91563BB6-F23A-44BD-99B5-127DAB762212}.Release|Any CPU.ActiveCfg = Release|Any CPU
		{91563BB6-F23A-44BD-99B5-127DAB762212}.Release|Any CPU.Build.0 = Release|Any CPU
		{8BEE729F-5112-40F6-B6C1-6AC9D778C801}.Debug|Any CPU.ActiveCfg = Debug|Any CPU
		{8BEE729F-5112-40F6-B6C1-6AC9D778C801}.Debug|Any CPU.Build.0 = Debug|Any CPU
		{8BEE729F-5112-40F6-B6C1-6AC9D778C801}.Release|Any CPU.ActiveCfg = Release|Any CPU
		{8BEE729F-5112-40F6-B6C1-6AC9D778C801}.Release|Any CPU.Build.0 = Release|Any CPU
		{BC25D0B1-1596-4600-A90C-D525F49E37FD}.Debug|Any CPU.ActiveCfg = Debug|Any CPU
		{BC25D0B1-1596-4600-A90C-D525F49E37FD}.Debug|Any CPU.Build.0 = Debug|Any CPU
		{BC25D0B1-1596-4600-A90C-D525F49E37FD}.Release|Any CPU.ActiveCfg = Release|Any CPU
		{BC25D0B1-1596-4600-A90C-D525F49E37FD}.Release|Any CPU.Build.0 = Release|Any CPU
		{168C2909-BB11-4E53-A363-B196B70456BB}.Debug|Any CPU.ActiveCfg = Debug|Any CPU
		{168C2909-BB11-4E53-A363-B196B70456BB}.Debug|Any CPU.Build.0 = Debug|Any CPU
		{168C2909-BB11-4E53-A363-B196B70456BB}.Release|Any CPU.ActiveCfg = Release|Any CPU
		{168C2909-BB11-4E53-A363-B196B70456BB}.Release|Any CPU.Build.0 = Release|Any CPU
		{6F54E528-51F5-4BDC-809E-D3235958C479}.Debug|Any CPU.ActiveCfg = Debug|Any CPU
		{6F54E528-51F5-4BDC-809E-D3235958C479}.Debug|Any CPU.Build.0 = Debug|Any CPU
		{6F54E528-51F5-4BDC-809E-D3235958C479}.Release|Any CPU.ActiveCfg = Release|Any CPU
		{6F54E528-51F5-4BDC-809E-D3235958C479}.Release|Any CPU.Build.0 = Release|Any CPU
	EndGlobalSection
	GlobalSection(SolutionProperties) = preSolution
		HideSolutionNode = FALSE
	EndGlobalSection
	GlobalSection(NestedProjects) = preSolution
		{563C2F67-F82E-4ED3-9F1F-4C09CC23D820} = {788D8B33-B20E-47F7-842F-0864D1AC26D1}
		{53FCDD5F-DFD5-462D-BD38-C388B3179E07} = {788D8B33-B20E-47F7-842F-0864D1AC26D1}
		{549DC3F8-B57D-4022-A75E-33EA496CD514} = {788D8B33-B20E-47F7-842F-0864D1AC26D1}
		{91AECCEA-6739-4850-9F28-8ED5D463D668} = {788D8B33-B20E-47F7-842F-0864D1AC26D1}
		{47E87214-F032-416C-9B50-1A5D6C17D61C} = {788D8B33-B20E-47F7-842F-0864D1AC26D1}
		{D60D6D1C-4EA7-4D03-B46E-4A9BE564DB69} = {A06F3553-E87B-4529-BBAF-7ECE7F69869C}
		{19CFE4D0-1CC0-4D3E-91B7-A56D36EFC2CE} = {C4B71C37-462F-4BAB-ADC8-317ED661E62A}
		{513E9905-CD7B-4F44-AA23-904C8F61321A} = {6D0AA81C-9C76-421F-8CA0-38EDC8FD32C0}
		{91563BB6-F23A-44BD-99B5-127DAB762212} = {788D8B33-B20E-47F7-842F-0864D1AC26D1}
		{8BEE729F-5112-40F6-B6C1-6AC9D778C801} = {788D8B33-B20E-47F7-842F-0864D1AC26D1}
		{BC25D0B1-1596-4600-A90C-D525F49E37FD} = {6D0AA81C-9C76-421F-8CA0-38EDC8FD32C0}
		{168C2909-BB11-4E53-A363-B196B70456BB} = {6D0AA81C-9C76-421F-8CA0-38EDC8FD32C0}
	EndGlobalSection
	GlobalSection(ExtensibilityGlobals) = postSolution
		SolutionGuid = {848DADC1-7FED-4B69-B03E-3F9F43FF3EFC}
	EndGlobalSection
EndGlobal
