Microsoft Visual Studio Solution File, Format Version 12.00
Project("{9A19103F-16F7-4668-BE54-9A1E7A4F7556}") = "Messaging.Azure", "src\IdentityServer\Messaging.Azure\Messaging.Azure.csproj", "{122878DB-2C81-49AA-91C8-5A05B51E0B3E}"
EndProject
Project("{9A19103F-16F7-4668-BE54-9A1E7A4F7556}") = "Messaging.RabbitMQ", "src\IdentityServer\Messaging.RabbitMQ\Messaging.RabbitMQ.csproj", "{FB015036-301C-43F5-AB81-071C2EF448B2}"
EndProject
Project("{9A19103F-16F7-4668-BE54-9A1E7A4F7556}") = "IdentityServer", "src\IdentityServer\samples\Server\IdentityServer.csproj", "{33403165-8CCD-479D-B35C-F43A52F34301}"
EndProject
Project("{9A19103F-16F7-4668-BE54-9A1E7A4F7556}") = "Abstractions", "src\IdentityServer\src\Abstractions\Abstractions.csproj", "{0C367288-60D0-4474-B711-65B9815CDC00}"
EndProject
Project("{9A19103F-16F7-4668-BE54-9A1E7A4F7556}") = "Hashing", "src\IdentityServer\src\Hashing\Hashing.csproj", "{634F3F06-7CBE-4C1C-8F29-3257C2D45BB0}"
EndProject
Project("{9A19103F-16F7-4668-BE54-9A1E7A4F7556}") = "Core", "src\IdentityServer\src\IdentityServer.Core\Core.csproj", "{60122F56-783B-4A22-ABDE-65283C783E5E}"
EndProject
Project("{9A19103F-16F7-4668-BE54-9A1E7A4F7556}") = "IdentityServer.Storage", "src\IdentityServer\src\IdentityServer.Storage\IdentityServer.Storage.csproj", "{696B91FA-2634-4C7C-A3D5-8DC32AB8AD1D}"
EndProject
Project("{9A19103F-16F7-4668-BE54-9A1E7A4F7556}") = "Store.Mongo", "src\IdentityServer\src\Store.Mongo\Store.Mongo.csproj", "{7A50F68B-14B0-4F17-89A5-DC18D3B6CF3A}"
EndProject
Project("{9A19103F-16F7-4668-BE54-9A1E7A4F7556}") = "IdentityServer.Core.Tests", "src\IdentityServer\test\IdentityServer.Core.Tests\IdentityServer.Core.Tests.csproj", "{7759A9FB-B2AA-42BD-B213-18DD8408CE04}"
EndProject
Project("{9A19103F-16F7-4668-BE54-9A1E7A4F7556}") = "IdentityServer.Store.Mongo.Tests", "src\IdentityServer\test\IdentityServer.Store.Mongo.Tests\IdentityServer.Store.Mongo.Tests.csproj", "{DFD959F4-7B60-473F-8655-25E7A1840405}"
EndProject
Project("{9A19103F-16F7-4668-BE54-9A1E7A4F7556}") = "Abstractions", "src\Server\src\Abstractions\Abstractions.csproj", "{0DD9096D-DDD1-4B17-90D2-F973BB03AC2B}"
EndProject
Project("{9A19103F-16F7-4668-BE54-9A1E7A4F7556}") = "Api.Host", "src\Server\src\Api.Host\Api.Host.csproj", "{66AC9884-506D-49F3-9264-2295F8AF4420}"
EndProject
Project("{9A19103F-16F7-4668-BE54-9A1E7A4F7556}") = "AspNet", "src\Server\src\AspNet\AspNet.csproj", "{B7376C3E-482D-4ECB-96B1-3BB072942C9C}"
EndProject
Project("{9A19103F-16F7-4668-BE54-9A1E7A4F7556}") = "Authorization", "src\Server\src\Authorization\Authorization.csproj", "{1E80D10F-CDE8-4A37-84E3-8E29E5667C52}"
EndProject
Project("{9A19103F-16F7-4668-BE54-9A1E7A4F7556}") = "AuthTokenGenerator", "src\Server\src\AuthTokenGenerator\AuthTokenGenerator.csproj", "{C1D67689-CCD7-4347-A43D-79BAA2AF328E}"
EndProject
Project("{9A19103F-16F7-4668-BE54-9A1E7A4F7556}") = "Core", "src\Server\src\Core\Core.csproj", "{1F158CC9-976C-416C-AFDF-CFE0ADF69C1E}"
EndProject
Project("{9A19103F-16F7-4668-BE54-9A1E7A4F7556}") = "Encryption.KeyVault", "src\Server\src\Encryption.KeyVault\Encryption.KeyVault.csproj", "{5774EF27-BF48-43B6-ABD3-C502C019E5D2}"
EndProject
Project("{9A19103F-16F7-4668-BE54-9A1E7A4F7556}") = "GraphQL", "src\Server\src\GraphQL\GraphQL.csproj", "{906C2798-A0E0-4409-BB24-724F5903BC78}"
EndProject
Project("{9A19103F-16F7-4668-BE54-9A1E7A4F7556}") = "Store.Mongo", "src\Server\src\Store.Mongo\Store.Mongo.csproj", "{513D02F0-9BBC-48EA-87D3-715D6A2E4F3C}"
EndProject
Project("{9A19103F-16F7-4668-BE54-9A1E7A4F7556}") = "AuthTokenGenerator.Tests", "src\Server\test\AuthTokenGenerator.Tests\AuthTokenGenerator.Tests.csproj", "{CCC904C7-1CCE-4956-AD39-F0A9A5048A88}"
EndProject
Project("{9A19103F-16F7-4668-BE54-9A1E7A4F7556}") = "Core.Tests", "src\Server\test\Core.Tests\Core.Tests.csproj", "{EFD7BA3C-68D1-4AB1-9EF7-38CF6C6EDD95}"
EndProject
Project("{9A19103F-16F7-4668-BE54-9A1E7A4F7556}") = "Encryption.KeyVault.Tests", "src\Server\test\Encryption.KeyVault.Tests\Encryption.KeyVault.Tests.csproj", "{570B29E9-5DEE-42B5-AF96-A5BA76A2069F}"
EndProject
Project("{9A19103F-16F7-4668-BE54-9A1E7A4F7556}") = "GraphQL.Tests", "src\Server\test\GraphQL.Tests\GraphQL.Tests.csproj", "{2EE87B18-1FD6-4F5E-9865-47D6E962E5B3}"
EndProject
Project("{9A19103F-16F7-4668-BE54-9A1E7A4F7556}") = "Host.Tests", "src\Server\test\Host.Tests\Host.Tests.csproj", "{C46E8A98-C094-4C6E-A68B-AE45000070EA}"
EndProject
Project("{9A19103F-16F7-4668-BE54-9A1E7A4F7556}") = "Store.Mongo.Tests", "src\Server\test\Store.Mongo.Tests\Store.Mongo.Tests.csproj", "{FA87C703-3312-40A5-98EE-BC45D1E70BBB}"
EndProject
Project("{9A19103F-16F7-4668-BE54-9A1E7A4F7556}") = "IdOps.Importer", "src\Server\tools\IdOps.Importer\IdOps.Importer.csproj", "{1B9CC834-8A5A-4F92-BEFA-0011352A7816}"
EndProject
Global
	GlobalSection(SolutionConfigurationPlatforms) = preSolution
		Debug|Any CPU = Debug|Any CPU
		Release|Any CPU = Release|Any CPU
	EndGlobalSection
	GlobalSection(ProjectConfigurationPlatforms) = postSolution
		{122878DB-2C81-49AA-91C8-5A05B51E0B3E}.Debug|Any CPU.ActiveCfg = Debug|Any CPU
		{122878DB-2C81-49AA-91C8-5A05B51E0B3E}.Debug|Any CPU.Build.0 = Debug|Any CPU
		{122878DB-2C81-49AA-91C8-5A05B51E0B3E}.Release|Any CPU.ActiveCfg = Release|Any CPU
		{122878DB-2C81-49AA-91C8-5A05B51E0B3E}.Release|Any CPU.Build.0 = Release|Any CPU
		{FB015036-301C-43F5-AB81-071C2EF448B2}.Debug|Any CPU.ActiveCfg = Debug|Any CPU
		{FB015036-301C-43F5-AB81-071C2EF448B2}.Debug|Any CPU.Build.0 = Debug|Any CPU
		{FB015036-301C-43F5-AB81-071C2EF448B2}.Release|Any CPU.ActiveCfg = Release|Any CPU
		{FB015036-301C-43F5-AB81-071C2EF448B2}.Release|Any CPU.Build.0 = Release|Any CPU
		{33403165-8CCD-479D-B35C-F43A52F34301}.Debug|Any CPU.ActiveCfg = Debug|Any CPU
		{33403165-8CCD-479D-B35C-F43A52F34301}.Debug|Any CPU.Build.0 = Debug|Any CPU
		{33403165-8CCD-479D-B35C-F43A52F34301}.Release|Any CPU.ActiveCfg = Release|Any CPU
		{33403165-8CCD-479D-B35C-F43A52F34301}.Release|Any CPU.Build.0 = Release|Any CPU
		{0C367288-60D0-4474-B711-65B9815CDC00}.Debug|Any CPU.ActiveCfg = Debug|Any CPU
		{0C367288-60D0-4474-B711-65B9815CDC00}.Debug|Any CPU.Build.0 = Debug|Any CPU
		{0C367288-60D0-4474-B711-65B9815CDC00}.Release|Any CPU.ActiveCfg = Release|Any CPU
		{0C367288-60D0-4474-B711-65B9815CDC00}.Release|Any CPU.Build.0 = Release|Any CPU
		{634F3F06-7CBE-4C1C-8F29-3257C2D45BB0}.Debug|Any CPU.ActiveCfg = Debug|Any CPU
		{634F3F06-7CBE-4C1C-8F29-3257C2D45BB0}.Debug|Any CPU.Build.0 = Debug|Any CPU
		{634F3F06-7CBE-4C1C-8F29-3257C2D45BB0}.Release|Any CPU.ActiveCfg = Release|Any CPU
		{634F3F06-7CBE-4C1C-8F29-3257C2D45BB0}.Release|Any CPU.Build.0 = Release|Any CPU
		{60122F56-783B-4A22-ABDE-65283C783E5E}.Debug|Any CPU.ActiveCfg = Debug|Any CPU
		{60122F56-783B-4A22-ABDE-65283C783E5E}.Debug|Any CPU.Build.0 = Debug|Any CPU
		{60122F56-783B-4A22-ABDE-65283C783E5E}.Release|Any CPU.ActiveCfg = Release|Any CPU
		{60122F56-783B-4A22-ABDE-65283C783E5E}.Release|Any CPU.Build.0 = Release|Any CPU
		{696B91FA-2634-4C7C-A3D5-8DC32AB8AD1D}.Debug|Any CPU.ActiveCfg = Debug|Any CPU
		{696B91FA-2634-4C7C-A3D5-8DC32AB8AD1D}.Debug|Any CPU.Build.0 = Debug|Any CPU
		{696B91FA-2634-4C7C-A3D5-8DC32AB8AD1D}.Release|Any CPU.ActiveCfg = Release|Any CPU
		{696B91FA-2634-4C7C-A3D5-8DC32AB8AD1D}.Release|Any CPU.Build.0 = Release|Any CPU
		{7A50F68B-14B0-4F17-89A5-DC18D3B6CF3A}.Debug|Any CPU.ActiveCfg = Debug|Any CPU
		{7A50F68B-14B0-4F17-89A5-DC18D3B6CF3A}.Debug|Any CPU.Build.0 = Debug|Any CPU
		{7A50F68B-14B0-4F17-89A5-DC18D3B6CF3A}.Release|Any CPU.ActiveCfg = Release|Any CPU
		{7A50F68B-14B0-4F17-89A5-DC18D3B6CF3A}.Release|Any CPU.Build.0 = Release|Any CPU
		{7759A9FB-B2AA-42BD-B213-18DD8408CE04}.Debug|Any CPU.ActiveCfg = Debug|Any CPU
		{7759A9FB-B2AA-42BD-B213-18DD8408CE04}.Debug|Any CPU.Build.0 = Debug|Any CPU
		{7759A9FB-B2AA-42BD-B213-18DD8408CE04}.Release|Any CPU.ActiveCfg = Release|Any CPU
		{7759A9FB-B2AA-42BD-B213-18DD8408CE04}.Release|Any CPU.Build.0 = Release|Any CPU
		{DFD959F4-7B60-473F-8655-25E7A1840405}.Debug|Any CPU.ActiveCfg = Debug|Any CPU
		{DFD959F4-7B60-473F-8655-25E7A1840405}.Debug|Any CPU.Build.0 = Debug|Any CPU
		{DFD959F4-7B60-473F-8655-25E7A1840405}.Release|Any CPU.ActiveCfg = Release|Any CPU
		{DFD959F4-7B60-473F-8655-25E7A1840405}.Release|Any CPU.Build.0 = Release|Any CPU
		{0DD9096D-DDD1-4B17-90D2-F973BB03AC2B}.Debug|Any CPU.ActiveCfg = Debug|Any CPU
		{0DD9096D-DDD1-4B17-90D2-F973BB03AC2B}.Debug|Any CPU.Build.0 = Debug|Any CPU
		{0DD9096D-DDD1-4B17-90D2-F973BB03AC2B}.Release|Any CPU.ActiveCfg = Release|Any CPU
		{0DD9096D-DDD1-4B17-90D2-F973BB03AC2B}.Release|Any CPU.Build.0 = Release|Any CPU
		{66AC9884-506D-49F3-9264-2295F8AF4420}.Debug|Any CPU.ActiveCfg = Debug|Any CPU
		{66AC9884-506D-49F3-9264-2295F8AF4420}.Debug|Any CPU.Build.0 = Debug|Any CPU
		{66AC9884-506D-49F3-9264-2295F8AF4420}.Release|Any CPU.ActiveCfg = Release|Any CPU
		{66AC9884-506D-49F3-9264-2295F8AF4420}.Release|Any CPU.Build.0 = Release|Any CPU
		{B7376C3E-482D-4ECB-96B1-3BB072942C9C}.Debug|Any CPU.ActiveCfg = Debug|Any CPU
		{B7376C3E-482D-4ECB-96B1-3BB072942C9C}.Debug|Any CPU.Build.0 = Debug|Any CPU
		{B7376C3E-482D-4ECB-96B1-3BB072942C9C}.Release|Any CPU.ActiveCfg = Release|Any CPU
		{B7376C3E-482D-4ECB-96B1-3BB072942C9C}.Release|Any CPU.Build.0 = Release|Any CPU
		{1E80D10F-CDE8-4A37-84E3-8E29E5667C52}.Debug|Any CPU.ActiveCfg = Debug|Any CPU
		{1E80D10F-CDE8-4A37-84E3-8E29E5667C52}.Debug|Any CPU.Build.0 = Debug|Any CPU
		{1E80D10F-CDE8-4A37-84E3-8E29E5667C52}.Release|Any CPU.ActiveCfg = Release|Any CPU
		{1E80D10F-CDE8-4A37-84E3-8E29E5667C52}.Release|Any CPU.Build.0 = Release|Any CPU
		{C1D67689-CCD7-4347-A43D-79BAA2AF328E}.Debug|Any CPU.ActiveCfg = Debug|Any CPU
		{C1D67689-CCD7-4347-A43D-79BAA2AF328E}.Debug|Any CPU.Build.0 = Debug|Any CPU
		{C1D67689-CCD7-4347-A43D-79BAA2AF328E}.Release|Any CPU.ActiveCfg = Release|Any CPU
		{C1D67689-CCD7-4347-A43D-79BAA2AF328E}.Release|Any CPU.Build.0 = Release|Any CPU
		{1F158CC9-976C-416C-AFDF-CFE0ADF69C1E}.Debug|Any CPU.ActiveCfg = Debug|Any CPU
		{1F158CC9-976C-416C-AFDF-CFE0ADF69C1E}.Debug|Any CPU.Build.0 = Debug|Any CPU
		{1F158CC9-976C-416C-AFDF-CFE0ADF69C1E}.Release|Any CPU.ActiveCfg = Release|Any CPU
		{1F158CC9-976C-416C-AFDF-CFE0ADF69C1E}.Release|Any CPU.Build.0 = Release|Any CPU
		{5774EF27-BF48-43B6-ABD3-C502C019E5D2}.Debug|Any CPU.ActiveCfg = Debug|Any CPU
		{5774EF27-BF48-43B6-ABD3-C502C019E5D2}.Debug|Any CPU.Build.0 = Debug|Any CPU
		{5774EF27-BF48-43B6-ABD3-C502C019E5D2}.Release|Any CPU.ActiveCfg = Release|Any CPU
		{5774EF27-BF48-43B6-ABD3-C502C019E5D2}.Release|Any CPU.Build.0 = Release|Any CPU
		{906C2798-A0E0-4409-BB24-724F5903BC78}.Debug|Any CPU.ActiveCfg = Debug|Any CPU
		{906C2798-A0E0-4409-BB24-724F5903BC78}.Debug|Any CPU.Build.0 = Debug|Any CPU
		{906C2798-A0E0-4409-BB24-724F5903BC78}.Release|Any CPU.ActiveCfg = Release|Any CPU
		{906C2798-A0E0-4409-BB24-724F5903BC78}.Release|Any CPU.Build.0 = Release|Any CPU
		{513D02F0-9BBC-48EA-87D3-715D6A2E4F3C}.Debug|Any CPU.ActiveCfg = Debug|Any CPU
		{513D02F0-9BBC-48EA-87D3-715D6A2E4F3C}.Debug|Any CPU.Build.0 = Debug|Any CPU
		{513D02F0-9BBC-48EA-87D3-715D6A2E4F3C}.Release|Any CPU.ActiveCfg = Release|Any CPU
		{513D02F0-9BBC-48EA-87D3-715D6A2E4F3C}.Release|Any CPU.Build.0 = Release|Any CPU
		{CCC904C7-1CCE-4956-AD39-F0A9A5048A88}.Debug|Any CPU.ActiveCfg = Debug|Any CPU
		{CCC904C7-1CCE-4956-AD39-F0A9A5048A88}.Debug|Any CPU.Build.0 = Debug|Any CPU
		{CCC904C7-1CCE-4956-AD39-F0A9A5048A88}.Release|Any CPU.ActiveCfg = Release|Any CPU
		{CCC904C7-1CCE-4956-AD39-F0A9A5048A88}.Release|Any CPU.Build.0 = Release|Any CPU
		{EFD7BA3C-68D1-4AB1-9EF7-38CF6C6EDD95}.Debug|Any CPU.ActiveCfg = Debug|Any CPU
		{EFD7BA3C-68D1-4AB1-9EF7-38CF6C6EDD95}.Debug|Any CPU.Build.0 = Debug|Any CPU
		{EFD7BA3C-68D1-4AB1-9EF7-38CF6C6EDD95}.Release|Any CPU.ActiveCfg = Release|Any CPU
		{EFD7BA3C-68D1-4AB1-9EF7-38CF6C6EDD95}.Release|Any CPU.Build.0 = Release|Any CPU
		{570B29E9-5DEE-42B5-AF96-A5BA76A2069F}.Debug|Any CPU.ActiveCfg = Debug|Any CPU
		{570B29E9-5DEE-42B5-AF96-A5BA76A2069F}.Debug|Any CPU.Build.0 = Debug|Any CPU
		{570B29E9-5DEE-42B5-AF96-A5BA76A2069F}.Release|Any CPU.ActiveCfg = Release|Any CPU
		{570B29E9-5DEE-42B5-AF96-A5BA76A2069F}.Release|Any CPU.Build.0 = Release|Any CPU
		{2EE87B18-1FD6-4F5E-9865-47D6E962E5B3}.Debug|Any CPU.ActiveCfg = Debug|Any CPU
		{2EE87B18-1FD6-4F5E-9865-47D6E962E5B3}.Debug|Any CPU.Build.0 = Debug|Any CPU
		{2EE87B18-1FD6-4F5E-9865-47D6E962E5B3}.Release|Any CPU.ActiveCfg = Release|Any CPU
		{2EE87B18-1FD6-4F5E-9865-47D6E962E5B3}.Release|Any CPU.Build.0 = Release|Any CPU
		{C46E8A98-C094-4C6E-A68B-AE45000070EA}.Debug|Any CPU.ActiveCfg = Debug|Any CPU
		{C46E8A98-C094-4C6E-A68B-AE45000070EA}.Debug|Any CPU.Build.0 = Debug|Any CPU
		{C46E8A98-C094-4C6E-A68B-AE45000070EA}.Release|Any CPU.ActiveCfg = Release|Any CPU
		{C46E8A98-C094-4C6E-A68B-AE45000070EA}.Release|Any CPU.Build.0 = Release|Any CPU
		{FA87C703-3312-40A5-98EE-BC45D1E70BBB}.Debug|Any CPU.ActiveCfg = Debug|Any CPU
		{FA87C703-3312-40A5-98EE-BC45D1E70BBB}.Debug|Any CPU.Build.0 = Debug|Any CPU
		{FA87C703-3312-40A5-98EE-BC45D1E70BBB}.Release|Any CPU.ActiveCfg = Release|Any CPU
		{FA87C703-3312-40A5-98EE-BC45D1E70BBB}.Release|Any CPU.Build.0 = Release|Any CPU
		{1B9CC834-8A5A-4F92-BEFA-0011352A7816}.Debug|Any CPU.ActiveCfg = Debug|Any CPU
		{1B9CC834-8A5A-4F92-BEFA-0011352A7816}.Debug|Any CPU.Build.0 = Debug|Any CPU
		{1B9CC834-8A5A-4F92-BEFA-0011352A7816}.Release|Any CPU.ActiveCfg = Release|Any CPU
		{1B9CC834-8A5A-4F92-BEFA-0011352A7816}.Release|Any CPU.Build.0 = Release|Any CPU
	EndGlobalSection
	GlobalSection(SolutionProperties) = preSolution
		HideSolutionNode = FALSE
	EndGlobalSection
	GlobalSection(ExtensibilityGlobals) = postSolution
		SolutionGuid = {65B36720-29B7-4AF1-8870-A0055D55AFA9}
	EndGlobalSection
EndGlobal
