Microsoft Visual Studio Solution File, Format Version 12.00
Project("{9A19103F-16F7-4668-BE54-9A1E7A4F7556}") = "Messaging.Azure", "src\IdentityServer\Messaging.Azure\Messaging.Azure.csproj", "{8AF17C4C-D933-4AF1-A052-755B77F0DB5A}"
EndProject
Project("{9A19103F-16F7-4668-BE54-9A1E7A4F7556}") = "Messaging.RabbitMQ", "src\IdentityServer\Messaging.RabbitMQ\Messaging.RabbitMQ.csproj", "{0C7D95C8-0AB5-4885-A450-B4AC461797E3}"
EndProject
Project("{9A19103F-16F7-4668-BE54-9A1E7A4F7556}") = "IdentityServer", "src\IdentityServer\samples\Server\IdentityServer.csproj", "{32507847-FB71-4978-9DB1-C292C684F65C}"
EndProject
Project("{9A19103F-16F7-4668-BE54-9A1E7A4F7556}") = "Abstractions", "src\IdentityServer\src\Abstractions\Abstractions.csproj", "{D974170E-A988-485F-971A-A9561E592897}"
EndProject
Project("{9A19103F-16F7-4668-BE54-9A1E7A4F7556}") = "Hashing", "src\IdentityServer\src\Hashing\Hashing.csproj", "{8DE809E5-BF8C-4371-9751-214E6A4A6B11}"
EndProject
Project("{9A19103F-16F7-4668-BE54-9A1E7A4F7556}") = "Core", "src\IdentityServer\src\IdentityServer.Core\Core.csproj", "{2A536D7F-C3B6-4151-889C-CF702A4FBA29}"
EndProject
Project("{9A19103F-16F7-4668-BE54-9A1E7A4F7556}") = "IdentityServer.Storage", "src\IdentityServer\src\IdentityServer.Storage\IdentityServer.Storage.csproj", "{C06C1677-03FE-4CC5-A008-097A4CB355D3}"
EndProject
Project("{9A19103F-16F7-4668-BE54-9A1E7A4F7556}") = "Store.Mongo", "src\IdentityServer\src\Store.Mongo\Store.Mongo.csproj", "{3651862C-C5F5-4B45-BF69-35CF0D1B8DD7}"
EndProject
Project("{9A19103F-16F7-4668-BE54-9A1E7A4F7556}") = "IdentityServer.Core.Tests", "src\IdentityServer\test\IdentityServer.Core.Tests\IdentityServer.Core.Tests.csproj", "{AFDD7514-E82D-4AE5-9524-060BB0FB059A}"
EndProject
Project("{9A19103F-16F7-4668-BE54-9A1E7A4F7556}") = "IdentityServer.Store.Mongo.Tests", "src\IdentityServer\test\IdentityServer.Store.Mongo.Tests\IdentityServer.Store.Mongo.Tests.csproj", "{9C9926C1-47DE-4ABD-A4CD-F33F70E995AE}"
EndProject
Project("{9A19103F-16F7-4668-BE54-9A1E7A4F7556}") = "Abstractions", "src\Server\src\Abstractions\Abstractions.csproj", "{D4FE2319-60AC-472E-B747-18C9BEEB7376}"
EndProject
Project("{9A19103F-16F7-4668-BE54-9A1E7A4F7556}") = "Api.Host", "src\Server\src\Api.Host\Api.Host.csproj", "{9467C2BF-26A6-4485-88C8-9DD8516EA3B2}"
EndProject
Project("{9A19103F-16F7-4668-BE54-9A1E7A4F7556}") = "AspNet", "src\Server\src\AspNet\AspNet.csproj", "{619E6703-112F-4014-86E1-71C2BD8BF963}"
EndProject
Project("{9A19103F-16F7-4668-BE54-9A1E7A4F7556}") = "Authorization", "src\Server\src\Authorization\Authorization.csproj", "{3E0800F0-AEF4-4B7B-AAF2-0AB87A3A15A8}"
EndProject
Project("{9A19103F-16F7-4668-BE54-9A1E7A4F7556}") = "AuthTokenGenerator", "src\Server\src\AuthTokenGenerator\AuthTokenGenerator.csproj", "{8E770938-EA4E-4440-8EB8-C4F9B6687307}"
EndProject
Project("{9A19103F-16F7-4668-BE54-9A1E7A4F7556}") = "Core", "src\Server\src\Core\Core.csproj", "{29F48DAA-4E50-41A4-B650-884E252D479C}"
EndProject
Project("{9A19103F-16F7-4668-BE54-9A1E7A4F7556}") = "Encryption.KeyVault", "src\Server\src\Encryption.KeyVault\Encryption.KeyVault.csproj", "{F92F94B1-8BC3-45E6-BF5B-F15C729D6FD7}"
EndProject
Project("{9A19103F-16F7-4668-BE54-9A1E7A4F7556}") = "GraphQL", "src\Server\src\GraphQL\GraphQL.csproj", "{EC65C553-E23D-467E-B2BF-B8E9220D7C63}"
EndProject
Project("{9A19103F-16F7-4668-BE54-9A1E7A4F7556}") = "Store.Mongo", "src\Server\src\Store.Mongo\Store.Mongo.csproj", "{02BB5B42-BC44-48B6-B0FD-D982F0302727}"
EndProject
Project("{9A19103F-16F7-4668-BE54-9A1E7A4F7556}") = "AuthTokenGenerator.Tests", "src\Server\test\AuthTokenGenerator.Tests\AuthTokenGenerator.Tests.csproj", "{7C80F65D-E32F-4DFC-BDA4-90DFE11DFF14}"
EndProject
Project("{9A19103F-16F7-4668-BE54-9A1E7A4F7556}") = "Core.Tests", "src\Server\test\Core.Tests\Core.Tests.csproj", "{3F4C1493-524C-47E7-850E-156DC6AE833C}"
EndProject
Project("{9A19103F-16F7-4668-BE54-9A1E7A4F7556}") = "Encryption.KeyVault.Tests", "src\Server\test\Encryption.KeyVault.Tests\Encryption.KeyVault.Tests.csproj", "{8ED62C46-7C15-452E-A952-DE875BBBC637}"
EndProject
Project("{9A19103F-16F7-4668-BE54-9A1E7A4F7556}") = "GraphQL.Tests", "src\Server\test\GraphQL.Tests\GraphQL.Tests.csproj", "{8C12CBBF-BF8E-43F8-A13E-DDB7BD09D9F1}"
EndProject
Project("{9A19103F-16F7-4668-BE54-9A1E7A4F7556}") = "Host.Tests", "src\Server\test\Host.Tests\Host.Tests.csproj", "{50953DD4-444F-4C97-A9DD-84C63E5F0BF8}"
EndProject
Project("{9A19103F-16F7-4668-BE54-9A1E7A4F7556}") = "Store.Mongo.Tests", "src\Server\test\Store.Mongo.Tests\Store.Mongo.Tests.csproj", "{566DD2C7-0CD1-48D4-ACA1-C1989A877549}"
EndProject
Project("{9A19103F-16F7-4668-BE54-9A1E7A4F7556}") = "IdOps.Importer", "src\Server\tools\IdOps.Importer\IdOps.Importer.csproj", "{B7C4546E-6310-4931-A6BE-4765C80D31B8}"
EndProject
Project("{2150E333-8FDC-42A3-9474-1A3956D46DE8}") = "Messaging.Azure", "src\IdentityServer\Messaging.Azure", "{5E5CB2F5-4368-4AB8-95A8-56A20A9D9095}"
EndProject
Project("{2150E333-8FDC-42A3-9474-1A3956D46DE8}") = "Messaging.RabbitMQ", "src\IdentityServer\Messaging.RabbitMQ", "{3A11E065-5311-42F2-A2EF-801CEE9A2577}"
EndProject
Project("{2150E333-8FDC-42A3-9474-1A3956D46DE8}") = "Server", "src\IdentityServer\samples\Server", "{486612E0-6CCA-40DB-8844-D1ED7980FEA9}"
EndProject
Project("{2150E333-8FDC-42A3-9474-1A3956D46DE8}") = "samples", "src\IdentityServer\samples", "{9EF2060A-37F1-4CE9-97C0-2DB44FD71671}"
EndProject
Project("{2150E333-8FDC-42A3-9474-1A3956D46DE8}") = "Abstractions", "src\IdentityServer\src\Abstractions", "{D0E91804-F690-4F9B-9277-362D89CBCFF9}"
EndProject
Project("{2150E333-8FDC-42A3-9474-1A3956D46DE8}") = "Hashing", "src\IdentityServer\src\Hashing", "{04E3FE0B-F015-48F3-8A9F-7AA11898D33B}"
EndProject
Project("{2150E333-8FDC-42A3-9474-1A3956D46DE8}") = "IdentityServer.Core", "src\IdentityServer\src\IdentityServer.Core", "{C20B96A2-405D-4E18-9BA8-5974F20E1ACC}"
EndProject
Project("{2150E333-8FDC-42A3-9474-1A3956D46DE8}") = "IdentityServer.Storage", "src\IdentityServer\src\IdentityServer.Storage", "{8A300DA5-31FD-43B6-AB23-A73789D83ADD}"
EndProject
Project("{2150E333-8FDC-42A3-9474-1A3956D46DE8}") = "Store.Mongo", "src\IdentityServer\src\Store.Mongo", "{F3CA4576-9024-4B53-8631-4EFC3C4CC833}"
EndProject
Project("{2150E333-8FDC-42A3-9474-1A3956D46DE8}") = "src", "src\IdentityServer\src", "{A72DEF95-6F02-427C-A2EC-C5CB549154F1}"
EndProject
Project("{2150E333-8FDC-42A3-9474-1A3956D46DE8}") = "IdentityServer.Core.Tests", "src\IdentityServer\test\IdentityServer.Core.Tests", "{CE411B76-5DFB-4451-8663-6D351BCD0537}"
EndProject
Project("{2150E333-8FDC-42A3-9474-1A3956D46DE8}") = "IdentityServer.Store.Mongo.Tests", "src\IdentityServer\test\IdentityServer.Store.Mongo.Tests", "{A3BA63C4-33C1-49BB-838D-EAE767C99EA5}"
EndProject
Project("{2150E333-8FDC-42A3-9474-1A3956D46DE8}") = "test", "src\IdentityServer\test", "{CDE42A2C-4275-4B43-9825-4B9ACEC9B629}"
EndProject
Project("{2150E333-8FDC-42A3-9474-1A3956D46DE8}") = "IdentityServer", "src\IdentityServer", "{BEF25B0D-C0B5-4B59-9930-94FCDB15992F}"
EndProject
Project("{2150E333-8FDC-42A3-9474-1A3956D46DE8}") = "Abstractions", "src\Server\src\Abstractions", "{404B4190-5C21-445D-A8B9-B5C488E4E962}"
EndProject
Project("{2150E333-8FDC-42A3-9474-1A3956D46DE8}") = "Api.Host", "src\Server\src\Api.Host", "{799CEFE3-95A3-4943-ABC7-B57BB829009D}"
EndProject
Project("{2150E333-8FDC-42A3-9474-1A3956D46DE8}") = "AspNet", "src\Server\src\AspNet", "{74E551C5-7D36-432C-AB27-C911AB7007D0}"
EndProject
Project("{2150E333-8FDC-42A3-9474-1A3956D46DE8}") = "Authorization", "src\Server\src\Authorization", "{0812CD8F-FC17-423C-AE0F-94E065910E8D}"
EndProject
Project("{2150E333-8FDC-42A3-9474-1A3956D46DE8}") = "AuthTokenGenerator", "src\Server\src\AuthTokenGenerator", "{92128CBF-F688-49E2-ACD0-1D6B208CED3C}"
EndProject
Project("{2150E333-8FDC-42A3-9474-1A3956D46DE8}") = "Core", "src\Server\src\Core", "{7DB612BE-802E-4E54-95CD-D4AC1150B851}"
EndProject
Project("{2150E333-8FDC-42A3-9474-1A3956D46DE8}") = "Encryption.KeyVault", "src\Server\src\Encryption.KeyVault", "{31A906B1-4B07-4915-9E49-33F4CDDAF369}"
EndProject
Project("{2150E333-8FDC-42A3-9474-1A3956D46DE8}") = "GraphQL", "src\Server\src\GraphQL", "{FB3A6300-FB03-4E8D-9DD2-AC0428C49654}"
EndProject
Project("{2150E333-8FDC-42A3-9474-1A3956D46DE8}") = "Store.Mongo", "src\Server\src\Store.Mongo", "{B8622FF9-6F68-4B74-A41D-7716E1930A24}"
EndProject
Project("{2150E333-8FDC-42A3-9474-1A3956D46DE8}") = "src", "src\Server\src", "{C1183ADA-237F-4E74-8919-EA35E4FC2E3D}"
EndProject
Project("{2150E333-8FDC-42A3-9474-1A3956D46DE8}") = "AuthTokenGenerator.Tests", "src\Server\test\AuthTokenGenerator.Tests", "{5F191498-32C4-4F08-9E6A-64D06E721C9F}"
EndProject
Project("{2150E333-8FDC-42A3-9474-1A3956D46DE8}") = "Core.Tests", "src\Server\test\Core.Tests", "{76F89DED-32DF-4C93-AA33-7499A89EAFE4}"
EndProject
Project("{2150E333-8FDC-42A3-9474-1A3956D46DE8}") = "Encryption.KeyVault.Tests", "src\Server\test\Encryption.KeyVault.Tests", "{CC3A9BBE-97CF-49FD-AE7F-4C5E3932ABEF}"
EndProject
Project("{2150E333-8FDC-42A3-9474-1A3956D46DE8}") = "GraphQL.Tests", "src\Server\test\GraphQL.Tests", "{D44B4D86-A9BC-4B47-9689-C7D907BEB458}"
EndProject
Project("{2150E333-8FDC-42A3-9474-1A3956D46DE8}") = "Host.Tests", "src\Server\test\Host.Tests", "{7FFA92C4-0EAB-454B-8BCD-7D8BED9EC691}"
EndProject
Project("{2150E333-8FDC-42A3-9474-1A3956D46DE8}") = "Store.Mongo.Tests", "src\Server\test\Store.Mongo.Tests", "{9ECA8A1F-ECC3-4E50-8960-A790B7CCEE40}"
EndProject
Project("{2150E333-8FDC-42A3-9474-1A3956D46DE8}") = "test", "src\Server\test", "{B9AC7452-E14B-4B55-83FC-852443BC62D9}"
EndProject
Project("{2150E333-8FDC-42A3-9474-1A3956D46DE8}") = "IdOps.Importer", "src\Server\tools\IdOps.Importer", "{5A7A608B-91B4-4330-B63F-906B58A102E2}"
EndProject
Project("{2150E333-8FDC-42A3-9474-1A3956D46DE8}") = "tools", "src\Server\tools", "{FD47D496-447B-4D59-8E8D-A1A39FAFA1E4}"
EndProject
Project("{2150E333-8FDC-42A3-9474-1A3956D46DE8}") = "Server", "src\Server", "{EEF29F6D-ACA7-446A-A219-3658E77687C5}"
EndProject
Global
	GlobalSection(SolutionConfigurationPlatforms) = preSolution
		Debug|Any CPU = Debug|Any CPU
		Release|Any CPU = Release|Any CPU
	EndGlobalSection
	GlobalSection(ProjectConfigurationPlatforms) = postSolution
		{8AF17C4C-D933-4AF1-A052-755B77F0DB5A}.Debug|Any CPU.ActiveCfg = Debug|Any CPU
		{8AF17C4C-D933-4AF1-A052-755B77F0DB5A}.Debug|Any CPU.Build.0 = Debug|Any CPU
		{8AF17C4C-D933-4AF1-A052-755B77F0DB5A}.Release|Any CPU.ActiveCfg = Release|Any CPU
		{8AF17C4C-D933-4AF1-A052-755B77F0DB5A}.Release|Any CPU.Build.0 = Release|Any CPU
		{0C7D95C8-0AB5-4885-A450-B4AC461797E3}.Debug|Any CPU.ActiveCfg = Debug|Any CPU
		{0C7D95C8-0AB5-4885-A450-B4AC461797E3}.Debug|Any CPU.Build.0 = Debug|Any CPU
		{0C7D95C8-0AB5-4885-A450-B4AC461797E3}.Release|Any CPU.ActiveCfg = Release|Any CPU
		{0C7D95C8-0AB5-4885-A450-B4AC461797E3}.Release|Any CPU.Build.0 = Release|Any CPU
		{32507847-FB71-4978-9DB1-C292C684F65C}.Debug|Any CPU.ActiveCfg = Debug|Any CPU
		{32507847-FB71-4978-9DB1-C292C684F65C}.Debug|Any CPU.Build.0 = Debug|Any CPU
		{32507847-FB71-4978-9DB1-C292C684F65C}.Release|Any CPU.ActiveCfg = Release|Any CPU
		{32507847-FB71-4978-9DB1-C292C684F65C}.Release|Any CPU.Build.0 = Release|Any CPU
		{D974170E-A988-485F-971A-A9561E592897}.Debug|Any CPU.ActiveCfg = Debug|Any CPU
		{D974170E-A988-485F-971A-A9561E592897}.Debug|Any CPU.Build.0 = Debug|Any CPU
		{D974170E-A988-485F-971A-A9561E592897}.Release|Any CPU.ActiveCfg = Release|Any CPU
		{D974170E-A988-485F-971A-A9561E592897}.Release|Any CPU.Build.0 = Release|Any CPU
		{8DE809E5-BF8C-4371-9751-214E6A4A6B11}.Debug|Any CPU.ActiveCfg = Debug|Any CPU
		{8DE809E5-BF8C-4371-9751-214E6A4A6B11}.Debug|Any CPU.Build.0 = Debug|Any CPU
		{8DE809E5-BF8C-4371-9751-214E6A4A6B11}.Release|Any CPU.ActiveCfg = Release|Any CPU
		{8DE809E5-BF8C-4371-9751-214E6A4A6B11}.Release|Any CPU.Build.0 = Release|Any CPU
		{2A536D7F-C3B6-4151-889C-CF702A4FBA29}.Debug|Any CPU.ActiveCfg = Debug|Any CPU
		{2A536D7F-C3B6-4151-889C-CF702A4FBA29}.Debug|Any CPU.Build.0 = Debug|Any CPU
		{2A536D7F-C3B6-4151-889C-CF702A4FBA29}.Release|Any CPU.ActiveCfg = Release|Any CPU
		{2A536D7F-C3B6-4151-889C-CF702A4FBA29}.Release|Any CPU.Build.0 = Release|Any CPU
		{C06C1677-03FE-4CC5-A008-097A4CB355D3}.Debug|Any CPU.ActiveCfg = Debug|Any CPU
		{C06C1677-03FE-4CC5-A008-097A4CB355D3}.Debug|Any CPU.Build.0 = Debug|Any CPU
		{C06C1677-03FE-4CC5-A008-097A4CB355D3}.Release|Any CPU.ActiveCfg = Release|Any CPU
		{C06C1677-03FE-4CC5-A008-097A4CB355D3}.Release|Any CPU.Build.0 = Release|Any CPU
		{3651862C-C5F5-4B45-BF69-35CF0D1B8DD7}.Debug|Any CPU.ActiveCfg = Debug|Any CPU
		{3651862C-C5F5-4B45-BF69-35CF0D1B8DD7}.Debug|Any CPU.Build.0 = Debug|Any CPU
		{3651862C-C5F5-4B45-BF69-35CF0D1B8DD7}.Release|Any CPU.ActiveCfg = Release|Any CPU
		{3651862C-C5F5-4B45-BF69-35CF0D1B8DD7}.Release|Any CPU.Build.0 = Release|Any CPU
		{AFDD7514-E82D-4AE5-9524-060BB0FB059A}.Debug|Any CPU.ActiveCfg = Debug|Any CPU
		{AFDD7514-E82D-4AE5-9524-060BB0FB059A}.Debug|Any CPU.Build.0 = Debug|Any CPU
		{AFDD7514-E82D-4AE5-9524-060BB0FB059A}.Release|Any CPU.ActiveCfg = Release|Any CPU
		{AFDD7514-E82D-4AE5-9524-060BB0FB059A}.Release|Any CPU.Build.0 = Release|Any CPU
		{9C9926C1-47DE-4ABD-A4CD-F33F70E995AE}.Debug|Any CPU.ActiveCfg = Debug|Any CPU
		{9C9926C1-47DE-4ABD-A4CD-F33F70E995AE}.Debug|Any CPU.Build.0 = Debug|Any CPU
		{9C9926C1-47DE-4ABD-A4CD-F33F70E995AE}.Release|Any CPU.ActiveCfg = Release|Any CPU
		{9C9926C1-47DE-4ABD-A4CD-F33F70E995AE}.Release|Any CPU.Build.0 = Release|Any CPU
		{D4FE2319-60AC-472E-B747-18C9BEEB7376}.Debug|Any CPU.ActiveCfg = Debug|Any CPU
		{D4FE2319-60AC-472E-B747-18C9BEEB7376}.Debug|Any CPU.Build.0 = Debug|Any CPU
		{D4FE2319-60AC-472E-B747-18C9BEEB7376}.Release|Any CPU.ActiveCfg = Release|Any CPU
		{D4FE2319-60AC-472E-B747-18C9BEEB7376}.Release|Any CPU.Build.0 = Release|Any CPU
		{9467C2BF-26A6-4485-88C8-9DD8516EA3B2}.Debug|Any CPU.ActiveCfg = Debug|Any CPU
		{9467C2BF-26A6-4485-88C8-9DD8516EA3B2}.Debug|Any CPU.Build.0 = Debug|Any CPU
		{9467C2BF-26A6-4485-88C8-9DD8516EA3B2}.Release|Any CPU.ActiveCfg = Release|Any CPU
		{9467C2BF-26A6-4485-88C8-9DD8516EA3B2}.Release|Any CPU.Build.0 = Release|Any CPU
		{619E6703-112F-4014-86E1-71C2BD8BF963}.Debug|Any CPU.ActiveCfg = Debug|Any CPU
		{619E6703-112F-4014-86E1-71C2BD8BF963}.Debug|Any CPU.Build.0 = Debug|Any CPU
		{619E6703-112F-4014-86E1-71C2BD8BF963}.Release|Any CPU.ActiveCfg = Release|Any CPU
		{619E6703-112F-4014-86E1-71C2BD8BF963}.Release|Any CPU.Build.0 = Release|Any CPU
		{3E0800F0-AEF4-4B7B-AAF2-0AB87A3A15A8}.Debug|Any CPU.ActiveCfg = Debug|Any CPU
		{3E0800F0-AEF4-4B7B-AAF2-0AB87A3A15A8}.Debug|Any CPU.Build.0 = Debug|Any CPU
		{3E0800F0-AEF4-4B7B-AAF2-0AB87A3A15A8}.Release|Any CPU.ActiveCfg = Release|Any CPU
		{3E0800F0-AEF4-4B7B-AAF2-0AB87A3A15A8}.Release|Any CPU.Build.0 = Release|Any CPU
		{8E770938-EA4E-4440-8EB8-C4F9B6687307}.Debug|Any CPU.ActiveCfg = Debug|Any CPU
		{8E770938-EA4E-4440-8EB8-C4F9B6687307}.Debug|Any CPU.Build.0 = Debug|Any CPU
		{8E770938-EA4E-4440-8EB8-C4F9B6687307}.Release|Any CPU.ActiveCfg = Release|Any CPU
		{8E770938-EA4E-4440-8EB8-C4F9B6687307}.Release|Any CPU.Build.0 = Release|Any CPU
		{29F48DAA-4E50-41A4-B650-884E252D479C}.Debug|Any CPU.ActiveCfg = Debug|Any CPU
		{29F48DAA-4E50-41A4-B650-884E252D479C}.Debug|Any CPU.Build.0 = Debug|Any CPU
		{29F48DAA-4E50-41A4-B650-884E252D479C}.Release|Any CPU.ActiveCfg = Release|Any CPU
		{29F48DAA-4E50-41A4-B650-884E252D479C}.Release|Any CPU.Build.0 = Release|Any CPU
		{F92F94B1-8BC3-45E6-BF5B-F15C729D6FD7}.Debug|Any CPU.ActiveCfg = Debug|Any CPU
		{F92F94B1-8BC3-45E6-BF5B-F15C729D6FD7}.Debug|Any CPU.Build.0 = Debug|Any CPU
		{F92F94B1-8BC3-45E6-BF5B-F15C729D6FD7}.Release|Any CPU.ActiveCfg = Release|Any CPU
		{F92F94B1-8BC3-45E6-BF5B-F15C729D6FD7}.Release|Any CPU.Build.0 = Release|Any CPU
		{EC65C553-E23D-467E-B2BF-B8E9220D7C63}.Debug|Any CPU.ActiveCfg = Debug|Any CPU
		{EC65C553-E23D-467E-B2BF-B8E9220D7C63}.Debug|Any CPU.Build.0 = Debug|Any CPU
		{EC65C553-E23D-467E-B2BF-B8E9220D7C63}.Release|Any CPU.ActiveCfg = Release|Any CPU
		{EC65C553-E23D-467E-B2BF-B8E9220D7C63}.Release|Any CPU.Build.0 = Release|Any CPU
		{02BB5B42-BC44-48B6-B0FD-D982F0302727}.Debug|Any CPU.ActiveCfg = Debug|Any CPU
		{02BB5B42-BC44-48B6-B0FD-D982F0302727}.Debug|Any CPU.Build.0 = Debug|Any CPU
		{02BB5B42-BC44-48B6-B0FD-D982F0302727}.Release|Any CPU.ActiveCfg = Release|Any CPU
		{02BB5B42-BC44-48B6-B0FD-D982F0302727}.Release|Any CPU.Build.0 = Release|Any CPU
		{7C80F65D-E32F-4DFC-BDA4-90DFE11DFF14}.Debug|Any CPU.ActiveCfg = Debug|Any CPU
		{7C80F65D-E32F-4DFC-BDA4-90DFE11DFF14}.Debug|Any CPU.Build.0 = Debug|Any CPU
		{7C80F65D-E32F-4DFC-BDA4-90DFE11DFF14}.Release|Any CPU.ActiveCfg = Release|Any CPU
		{7C80F65D-E32F-4DFC-BDA4-90DFE11DFF14}.Release|Any CPU.Build.0 = Release|Any CPU
		{3F4C1493-524C-47E7-850E-156DC6AE833C}.Debug|Any CPU.ActiveCfg = Debug|Any CPU
		{3F4C1493-524C-47E7-850E-156DC6AE833C}.Debug|Any CPU.Build.0 = Debug|Any CPU
		{3F4C1493-524C-47E7-850E-156DC6AE833C}.Release|Any CPU.ActiveCfg = Release|Any CPU
		{3F4C1493-524C-47E7-850E-156DC6AE833C}.Release|Any CPU.Build.0 = Release|Any CPU
		{8ED62C46-7C15-452E-A952-DE875BBBC637}.Debug|Any CPU.ActiveCfg = Debug|Any CPU
		{8ED62C46-7C15-452E-A952-DE875BBBC637}.Debug|Any CPU.Build.0 = Debug|Any CPU
		{8ED62C46-7C15-452E-A952-DE875BBBC637}.Release|Any CPU.ActiveCfg = Release|Any CPU
		{8ED62C46-7C15-452E-A952-DE875BBBC637}.Release|Any CPU.Build.0 = Release|Any CPU
		{8C12CBBF-BF8E-43F8-A13E-DDB7BD09D9F1}.Debug|Any CPU.ActiveCfg = Debug|Any CPU
		{8C12CBBF-BF8E-43F8-A13E-DDB7BD09D9F1}.Debug|Any CPU.Build.0 = Debug|Any CPU
		{8C12CBBF-BF8E-43F8-A13E-DDB7BD09D9F1}.Release|Any CPU.ActiveCfg = Release|Any CPU
		{8C12CBBF-BF8E-43F8-A13E-DDB7BD09D9F1}.Release|Any CPU.Build.0 = Release|Any CPU
		{50953DD4-444F-4C97-A9DD-84C63E5F0BF8}.Debug|Any CPU.ActiveCfg = Debug|Any CPU
		{50953DD4-444F-4C97-A9DD-84C63E5F0BF8}.Debug|Any CPU.Build.0 = Debug|Any CPU
		{50953DD4-444F-4C97-A9DD-84C63E5F0BF8}.Release|Any CPU.ActiveCfg = Release|Any CPU
		{50953DD4-444F-4C97-A9DD-84C63E5F0BF8}.Release|Any CPU.Build.0 = Release|Any CPU
		{566DD2C7-0CD1-48D4-ACA1-C1989A877549}.Debug|Any CPU.ActiveCfg = Debug|Any CPU
		{566DD2C7-0CD1-48D4-ACA1-C1989A877549}.Debug|Any CPU.Build.0 = Debug|Any CPU
		{566DD2C7-0CD1-48D4-ACA1-C1989A877549}.Release|Any CPU.ActiveCfg = Release|Any CPU
		{566DD2C7-0CD1-48D4-ACA1-C1989A877549}.Release|Any CPU.Build.0 = Release|Any CPU
		{B7C4546E-6310-4931-A6BE-4765C80D31B8}.Debug|Any CPU.ActiveCfg = Debug|Any CPU
		{B7C4546E-6310-4931-A6BE-4765C80D31B8}.Debug|Any CPU.Build.0 = Debug|Any CPU
		{B7C4546E-6310-4931-A6BE-4765C80D31B8}.Release|Any CPU.ActiveCfg = Release|Any CPU
		{B7C4546E-6310-4931-A6BE-4765C80D31B8}.Release|Any CPU.Build.0 = Release|Any CPU
	EndGlobalSection
	GlobalSection(SolutionProperties) = preSolution
		HideSolutionNode = FALSE
	EndGlobalSection
	GlobalSection(NestedProjects) = preSolution
		{8AF17C4C-D933-4AF1-A052-755B77F0DB5A} = {5E5CB2F5-4368-4AB8-95A8-56A20A9D9095}
		{5E5CB2F5-4368-4AB8-95A8-56A20A9D9095} = {BEF25B0D-C0B5-4B59-9930-94FCDB15992F}
		{0C7D95C8-0AB5-4885-A450-B4AC461797E3} = {3A11E065-5311-42F2-A2EF-801CEE9A2577}
		{3A11E065-5311-42F2-A2EF-801CEE9A2577} = {BEF25B0D-C0B5-4B59-9930-94FCDB15992F}
		{32507847-FB71-4978-9DB1-C292C684F65C} = {486612E0-6CCA-40DB-8844-D1ED7980FEA9}
		{486612E0-6CCA-40DB-8844-D1ED7980FEA9} = {9EF2060A-37F1-4CE9-97C0-2DB44FD71671}
		{9EF2060A-37F1-4CE9-97C0-2DB44FD71671} = {BEF25B0D-C0B5-4B59-9930-94FCDB15992F}
		{D974170E-A988-485F-971A-A9561E592897} = {D0E91804-F690-4F9B-9277-362D89CBCFF9}
		{D0E91804-F690-4F9B-9277-362D89CBCFF9} = {A72DEF95-6F02-427C-A2EC-C5CB549154F1}
		{8DE809E5-BF8C-4371-9751-214E6A4A6B11} = {04E3FE0B-F015-48F3-8A9F-7AA11898D33B}
		{04E3FE0B-F015-48F3-8A9F-7AA11898D33B} = {A72DEF95-6F02-427C-A2EC-C5CB549154F1}
		{2A536D7F-C3B6-4151-889C-CF702A4FBA29} = {C20B96A2-405D-4E18-9BA8-5974F20E1ACC}
		{C20B96A2-405D-4E18-9BA8-5974F20E1ACC} = {A72DEF95-6F02-427C-A2EC-C5CB549154F1}
		{C06C1677-03FE-4CC5-A008-097A4CB355D3} = {8A300DA5-31FD-43B6-AB23-A73789D83ADD}
		{8A300DA5-31FD-43B6-AB23-A73789D83ADD} = {A72DEF95-6F02-427C-A2EC-C5CB549154F1}
		{3651862C-C5F5-4B45-BF69-35CF0D1B8DD7} = {F3CA4576-9024-4B53-8631-4EFC3C4CC833}
		{F3CA4576-9024-4B53-8631-4EFC3C4CC833} = {A72DEF95-6F02-427C-A2EC-C5CB549154F1}
		{A72DEF95-6F02-427C-A2EC-C5CB549154F1} = {BEF25B0D-C0B5-4B59-9930-94FCDB15992F}
		{AFDD7514-E82D-4AE5-9524-060BB0FB059A} = {CE411B76-5DFB-4451-8663-6D351BCD0537}
		{CE411B76-5DFB-4451-8663-6D351BCD0537} = {CDE42A2C-4275-4B43-9825-4B9ACEC9B629}
		{9C9926C1-47DE-4ABD-A4CD-F33F70E995AE} = {A3BA63C4-33C1-49BB-838D-EAE767C99EA5}
		{A3BA63C4-33C1-49BB-838D-EAE767C99EA5} = {CDE42A2C-4275-4B43-9825-4B9ACEC9B629}
		{CDE42A2C-4275-4B43-9825-4B9ACEC9B629} = {BEF25B0D-C0B5-4B59-9930-94FCDB15992F}
		{D4FE2319-60AC-472E-B747-18C9BEEB7376} = {404B4190-5C21-445D-A8B9-B5C488E4E962}
		{404B4190-5C21-445D-A8B9-B5C488E4E962} = {C1183ADA-237F-4E74-8919-EA35E4FC2E3D}
		{9467C2BF-26A6-4485-88C8-9DD8516EA3B2} = {799CEFE3-95A3-4943-ABC7-B57BB829009D}
		{799CEFE3-95A3-4943-ABC7-B57BB829009D} = {C1183ADA-237F-4E74-8919-EA35E4FC2E3D}
		{619E6703-112F-4014-86E1-71C2BD8BF963} = {74E551C5-7D36-432C-AB27-C911AB7007D0}
		{74E551C5-7D36-432C-AB27-C911AB7007D0} = {C1183ADA-237F-4E74-8919-EA35E4FC2E3D}
		{3E0800F0-AEF4-4B7B-AAF2-0AB87A3A15A8} = {0812CD8F-FC17-423C-AE0F-94E065910E8D}
		{0812CD8F-FC17-423C-AE0F-94E065910E8D} = {C1183ADA-237F-4E74-8919-EA35E4FC2E3D}
		{8E770938-EA4E-4440-8EB8-C4F9B6687307} = {92128CBF-F688-49E2-ACD0-1D6B208CED3C}
		{92128CBF-F688-49E2-ACD0-1D6B208CED3C} = {C1183ADA-237F-4E74-8919-EA35E4FC2E3D}
		{29F48DAA-4E50-41A4-B650-884E252D479C} = {7DB612BE-802E-4E54-95CD-D4AC1150B851}
		{7DB612BE-802E-4E54-95CD-D4AC1150B851} = {C1183ADA-237F-4E74-8919-EA35E4FC2E3D}
		{F92F94B1-8BC3-45E6-BF5B-F15C729D6FD7} = {31A906B1-4B07-4915-9E49-33F4CDDAF369}
		{31A906B1-4B07-4915-9E49-33F4CDDAF369} = {C1183ADA-237F-4E74-8919-EA35E4FC2E3D}
		{EC65C553-E23D-467E-B2BF-B8E9220D7C63} = {FB3A6300-FB03-4E8D-9DD2-AC0428C49654}
		{FB3A6300-FB03-4E8D-9DD2-AC0428C49654} = {C1183ADA-237F-4E74-8919-EA35E4FC2E3D}
		{02BB5B42-BC44-48B6-B0FD-D982F0302727} = {B8622FF9-6F68-4B74-A41D-7716E1930A24}
		{B8622FF9-6F68-4B74-A41D-7716E1930A24} = {C1183ADA-237F-4E74-8919-EA35E4FC2E3D}
		{C1183ADA-237F-4E74-8919-EA35E4FC2E3D} = {EEF29F6D-ACA7-446A-A219-3658E77687C5}
		{7C80F65D-E32F-4DFC-BDA4-90DFE11DFF14} = {5F191498-32C4-4F08-9E6A-64D06E721C9F}
		{5F191498-32C4-4F08-9E6A-64D06E721C9F} = {B9AC7452-E14B-4B55-83FC-852443BC62D9}
		{3F4C1493-524C-47E7-850E-156DC6AE833C} = {76F89DED-32DF-4C93-AA33-7499A89EAFE4}
		{76F89DED-32DF-4C93-AA33-7499A89EAFE4} = {B9AC7452-E14B-4B55-83FC-852443BC62D9}
		{8ED62C46-7C15-452E-A952-DE875BBBC637} = {CC3A9BBE-97CF-49FD-AE7F-4C5E3932ABEF}
		{CC3A9BBE-97CF-49FD-AE7F-4C5E3932ABEF} = {B9AC7452-E14B-4B55-83FC-852443BC62D9}
		{8C12CBBF-BF8E-43F8-A13E-DDB7BD09D9F1} = {D44B4D86-A9BC-4B47-9689-C7D907BEB458}
		{D44B4D86-A9BC-4B47-9689-C7D907BEB458} = {B9AC7452-E14B-4B55-83FC-852443BC62D9}
		{50953DD4-444F-4C97-A9DD-84C63E5F0BF8} = {7FFA92C4-0EAB-454B-8BCD-7D8BED9EC691}
		{7FFA92C4-0EAB-454B-8BCD-7D8BED9EC691} = {B9AC7452-E14B-4B55-83FC-852443BC62D9}
		{566DD2C7-0CD1-48D4-ACA1-C1989A877549} = {9ECA8A1F-ECC3-4E50-8960-A790B7CCEE40}
		{9ECA8A1F-ECC3-4E50-8960-A790B7CCEE40} = {B9AC7452-E14B-4B55-83FC-852443BC62D9}
		{B9AC7452-E14B-4B55-83FC-852443BC62D9} = {EEF29F6D-ACA7-446A-A219-3658E77687C5}
		{B7C4546E-6310-4931-A6BE-4765C80D31B8} = {5A7A608B-91B4-4330-B63F-906B58A102E2}
		{5A7A608B-91B4-4330-B63F-906B58A102E2} = {FD47D496-447B-4D59-8E8D-A1A39FAFA1E4}
		{FD47D496-447B-4D59-8E8D-A1A39FAFA1E4} = {EEF29F6D-ACA7-446A-A219-3658E77687C5}
	EndGlobalSection
	GlobalSection(ExtensibilityGlobals) = postSolution
		SolutionGuid = {8163A1D8-7626-4D37-BD3C-A5B042F37EFE}
	EndGlobalSection
EndGlobal
