Microsoft Visual Studio Solution File, Format Version 12.00
# Visual Studio 15
VisualStudioVersion = 15.0.26124.0
MinimumVisualStudioVersion = 15.0.26124.0
Project("{2150E333-8FDC-42A3-9474-1A3956D46DE8}") = "src", "src", "{17CDA34C-429F-421D-B245-538A6FFE8248}"
EndProject
Project("{2150E333-8FDC-42A3-9474-1A3956D46DE8}") = "IdentityServer", "IdentityServer", "{D264CAEC-2137-46D8-B637-FCE7CBE3B390}"
EndProject
Project("{FAE04EC0-301F-11D3-BF4B-00C04F79EFBC}") = "Messaging.AzureServiceBus", "src\IdentityServer\Messaging.AzureServiceBus\Messaging.AzureServiceBus.csproj", "{C8F188CA-2671-4364-B53C-43832627C0DA}"
EndProject
Project("{FAE04EC0-301F-11D3-BF4B-00C04F79EFBC}") = "Messaging.RabbitMQ", "src\IdentityServer\Messaging.RabbitMQ\Messaging.RabbitMQ.csproj", "{9C1A424A-64A5-4BAA-BCE5-529F2148497F}"
EndProject
Project("{2150E333-8FDC-42A3-9474-1A3956D46DE8}") = "samples", "samples", "{8D60C9DA-A2C2-4E35-803D-F26D2C665500}"
EndProject
Project("{FAE04EC0-301F-11D3-BF4B-00C04F79EFBC}") = "IdentityServer", "src\IdentityServer\samples\Server\IdentityServer.csproj", "{7CBB0012-7045-46CE-AEB9-A7F1B0C3FC4B}"
EndProject
Project("{2150E333-8FDC-42A3-9474-1A3956D46DE8}") = "src", "src", "{32BFE3DD-3F5C-4DCA-AAE1-79A934C4A36D}"
EndProject
Project("{FAE04EC0-301F-11D3-BF4B-00C04F79EFBC}") = "Abstractions", "src\IdentityServer\src\Abstractions\Abstractions.csproj", "{78B85AC5-F4DD-4EA8-9740-856CF90FE71E}"
EndProject
Project("{FAE04EC0-301F-11D3-BF4B-00C04F79EFBC}") = "Hashing", "src\IdentityServer\src\Hashing\Hashing.csproj", "{A7D9158C-520D-4ADA-912E-B4743FFD7DDD}"
EndProject
Project("{FAE04EC0-301F-11D3-BF4B-00C04F79EFBC}") = "Core", "src\IdentityServer\src\IdentityServer.Core\Core.csproj", "{51234A0B-AC08-42C5-9155-47F649165B79}"
EndProject
Project("{FAE04EC0-301F-11D3-BF4B-00C04F79EFBC}") = "IdentityServer.Storage", "src\IdentityServer\src\IdentityServer.Storage\IdentityServer.Storage.csproj", "{07867941-90C3-4150-9352-D048FBD1AEEE}"
EndProject
Project("{FAE04EC0-301F-11D3-BF4B-00C04F79EFBC}") = "Store.Mongo", "src\IdentityServer\src\Store.Mongo\Store.Mongo.csproj", "{9507CA59-6ADC-47A7-AF29-558D7BB52E28}"
EndProject
Project("{2150E333-8FDC-42A3-9474-1A3956D46DE8}") = "test", "test", "{1DBE5F90-EF3B-4E54-AD41-AB9C8BFFE3E8}"
EndProject
Project("{FAE04EC0-301F-11D3-BF4B-00C04F79EFBC}") = "IdentityServer.Core.Tests", "src\IdentityServer\test\IdentityServer.Core.Tests\IdentityServer.Core.Tests.csproj", "{8011A525-B296-41FA-993E-7F29A484570E}"
EndProject
Project("{FAE04EC0-301F-11D3-BF4B-00C04F79EFBC}") = "IdentityServer.Store.Mongo.Tests", "src\IdentityServer\test\IdentityServer.Store.Mongo.Tests\IdentityServer.Store.Mongo.Tests.csproj", "{43B8687A-914D-484A-B797-75F19F7E7A8E}"
EndProject
Project("{2150E333-8FDC-42A3-9474-1A3956D46DE8}") = "Server", "Server", "{CAC6A27B-7731-4C85-AF4F-15FB80F9F264}"
EndProject
Project("{2150E333-8FDC-42A3-9474-1A3956D46DE8}") = "src", "src", "{F70ABE9E-7F4E-4F4C-B75B-96B9222F03A4}"
EndProject
Project("{FAE04EC0-301F-11D3-BF4B-00C04F79EFBC}") = "Abstractions", "src\Server\src\Abstractions\Abstractions.csproj", "{8B841259-2367-4CE4-A0AC-DB6AA5FA00C1}"
EndProject
Project("{FAE04EC0-301F-11D3-BF4B-00C04F79EFBC}") = "Api.Host", "src\Server\src\Api.Host\Api.Host.csproj", "{920A5537-8C02-42A8-84C1-4BC69EED9964}"
EndProject
Project("{FAE04EC0-301F-11D3-BF4B-00C04F79EFBC}") = "AspNet", "src\Server\src\AspNet\AspNet.csproj", "{2476563B-3A39-42C8-B9D0-A12D0BE9B885}"
EndProject
Project("{FAE04EC0-301F-11D3-BF4B-00C04F79EFBC}") = "Authorization", "src\Server\src\Authorization\Authorization.csproj", "{9D0FD147-4B9A-4236-81B6-5A23EA5957FB}"
EndProject
Project("{FAE04EC0-301F-11D3-BF4B-00C04F79EFBC}") = "Core", "src\Server\src\Core\Core.csproj", "{991CE3E1-C0A2-4227-A29C-F01A7C2CDD1A}"
EndProject
Project("{FAE04EC0-301F-11D3-BF4B-00C04F79EFBC}") = "GraphQL", "src\Server\src\GraphQL\GraphQL.csproj", "{7B9BB801-6E35-4BA1-962E-464476EE2D53}"
EndProject
Project("{FAE04EC0-301F-11D3-BF4B-00C04F79EFBC}") = "Store.Mongo", "src\Server\src\Store.Mongo\Store.Mongo.csproj", "{91F9856A-B0D8-4D26-857A-A9D544B615D3}"
EndProject
Project("{2150E333-8FDC-42A3-9474-1A3956D46DE8}") = "test", "test", "{C02928F2-8843-47FA-BE18-5510B6092929}"
EndProject
Project("{FAE04EC0-301F-11D3-BF4B-00C04F79EFBC}") = "Core.Tests", "src\Server\test\Core.Tests\Core.Tests.csproj", "{D6DDBA6C-975D-4EE7-AAE3-80170E08C745}"
EndProject
Project("{FAE04EC0-301F-11D3-BF4B-00C04F79EFBC}") = "GraphQL.Tests", "src\Server\test\GraphQL.Tests\GraphQL.Tests.csproj", "{5EC6727A-EC5B-43FE-8202-81CF1B224550}"
EndProject
Project("{FAE04EC0-301F-11D3-BF4B-00C04F79EFBC}") = "Host.Tests", "src\Server\test\Host.Tests\Host.Tests.csproj", "{2C46F9C1-2FCC-464F-BFB6-A766588C326B}"
EndProject
Project("{2150E333-8FDC-42A3-9474-1A3956D46DE8}") = "tools", "tools", "{826ED872-18E8-4FA5-B3D1-0F5F87ED9CD6}"
EndProject
Project("{FAE04EC0-301F-11D3-BF4B-00C04F79EFBC}") = "IdOps.Importer", "src\Server\tools\IdOps.Importer\IdOps.Importer.csproj", "{8DE8BDC4-D486-40D5-8A01-9995F9669A27}"
EndProject
Project("{FAE04EC0-301F-11D3-BF4B-00C04F79EFBC}") = "Encryption.KeyVault", "src\Server\src\Encryption.KeyVault\Encryption.KeyVault.csproj", "{A89E9EE2-F89B-4CB9-87FA-B7B24535FB48}"
EndProject
Project("{FAE04EC0-301F-11D3-BF4B-00C04F79EFBC}") = "Encryption.KeyVault.Tests", "src\Server\test\Encryption.KeyVault.Tests\Encryption.KeyVault.Tests.csproj", "{D3D13A29-DC60-45E2-BFEA-6EE2A5405527}"
EndProject
Project("{FAE04EC0-301F-11D3-BF4B-00C04F79EFBC}") = "AuthTokenGenerator", "src\Server\src\AuthTokenGenerator\AuthTokenGenerator.csproj", "{EE6AEEED-F8EC-47A2-96D6-588C5C5B1725}"
EndProject
Global
	GlobalSection(SolutionConfigurationPlatforms) = preSolution
		Debug|Any CPU = Debug|Any CPU
		Debug|x64 = Debug|x64
		Debug|x86 = Debug|x86
		Release|Any CPU = Release|Any CPU
		Release|x64 = Release|x64
		Release|x86 = Release|x86
	EndGlobalSection
	GlobalSection(SolutionProperties) = preSolution
		HideSolutionNode = FALSE
	EndGlobalSection
	GlobalSection(ProjectConfigurationPlatforms) = postSolution
		{C8F188CA-2671-4364-B53C-43832627C0DA}.Debug|Any CPU.ActiveCfg = Debug|Any CPU
		{C8F188CA-2671-4364-B53C-43832627C0DA}.Debug|Any CPU.Build.0 = Debug|Any CPU
		{C8F188CA-2671-4364-B53C-43832627C0DA}.Debug|x64.ActiveCfg = Debug|Any CPU
		{C8F188CA-2671-4364-B53C-43832627C0DA}.Debug|x64.Build.0 = Debug|Any CPU
		{C8F188CA-2671-4364-B53C-43832627C0DA}.Debug|x86.ActiveCfg = Debug|Any CPU
		{C8F188CA-2671-4364-B53C-43832627C0DA}.Debug|x86.Build.0 = Debug|Any CPU
		{C8F188CA-2671-4364-B53C-43832627C0DA}.Release|Any CPU.ActiveCfg = Release|Any CPU
		{C8F188CA-2671-4364-B53C-43832627C0DA}.Release|Any CPU.Build.0 = Release|Any CPU
		{C8F188CA-2671-4364-B53C-43832627C0DA}.Release|x64.ActiveCfg = Release|Any CPU
		{C8F188CA-2671-4364-B53C-43832627C0DA}.Release|x64.Build.0 = Release|Any CPU
		{C8F188CA-2671-4364-B53C-43832627C0DA}.Release|x86.ActiveCfg = Release|Any CPU
		{C8F188CA-2671-4364-B53C-43832627C0DA}.Release|x86.Build.0 = Release|Any CPU
		{9C1A424A-64A5-4BAA-BCE5-529F2148497F}.Debug|Any CPU.ActiveCfg = Debug|Any CPU
		{9C1A424A-64A5-4BAA-BCE5-529F2148497F}.Debug|Any CPU.Build.0 = Debug|Any CPU
		{9C1A424A-64A5-4BAA-BCE5-529F2148497F}.Debug|x64.ActiveCfg = Debug|Any CPU
		{9C1A424A-64A5-4BAA-BCE5-529F2148497F}.Debug|x64.Build.0 = Debug|Any CPU
		{9C1A424A-64A5-4BAA-BCE5-529F2148497F}.Debug|x86.ActiveCfg = Debug|Any CPU
		{9C1A424A-64A5-4BAA-BCE5-529F2148497F}.Debug|x86.Build.0 = Debug|Any CPU
		{9C1A424A-64A5-4BAA-BCE5-529F2148497F}.Release|Any CPU.ActiveCfg = Release|Any CPU
		{9C1A424A-64A5-4BAA-BCE5-529F2148497F}.Release|Any CPU.Build.0 = Release|Any CPU
		{9C1A424A-64A5-4BAA-BCE5-529F2148497F}.Release|x64.ActiveCfg = Release|Any CPU
		{9C1A424A-64A5-4BAA-BCE5-529F2148497F}.Release|x64.Build.0 = Release|Any CPU
		{9C1A424A-64A5-4BAA-BCE5-529F2148497F}.Release|x86.ActiveCfg = Release|Any CPU
		{9C1A424A-64A5-4BAA-BCE5-529F2148497F}.Release|x86.Build.0 = Release|Any CPU
		{7CBB0012-7045-46CE-AEB9-A7F1B0C3FC4B}.Debug|Any CPU.ActiveCfg = Debug|Any CPU
		{7CBB0012-7045-46CE-AEB9-A7F1B0C3FC4B}.Debug|Any CPU.Build.0 = Debug|Any CPU
		{7CBB0012-7045-46CE-AEB9-A7F1B0C3FC4B}.Debug|x64.ActiveCfg = Debug|Any CPU
		{7CBB0012-7045-46CE-AEB9-A7F1B0C3FC4B}.Debug|x64.Build.0 = Debug|Any CPU
		{7CBB0012-7045-46CE-AEB9-A7F1B0C3FC4B}.Debug|x86.ActiveCfg = Debug|Any CPU
		{7CBB0012-7045-46CE-AEB9-A7F1B0C3FC4B}.Debug|x86.Build.0 = Debug|Any CPU
		{7CBB0012-7045-46CE-AEB9-A7F1B0C3FC4B}.Release|Any CPU.ActiveCfg = Release|Any CPU
		{7CBB0012-7045-46CE-AEB9-A7F1B0C3FC4B}.Release|Any CPU.Build.0 = Release|Any CPU
		{7CBB0012-7045-46CE-AEB9-A7F1B0C3FC4B}.Release|x64.ActiveCfg = Release|Any CPU
		{7CBB0012-7045-46CE-AEB9-A7F1B0C3FC4B}.Release|x64.Build.0 = Release|Any CPU
		{7CBB0012-7045-46CE-AEB9-A7F1B0C3FC4B}.Release|x86.ActiveCfg = Release|Any CPU
		{7CBB0012-7045-46CE-AEB9-A7F1B0C3FC4B}.Release|x86.Build.0 = Release|Any CPU
		{78B85AC5-F4DD-4EA8-9740-856CF90FE71E}.Debug|Any CPU.ActiveCfg = Debug|Any CPU
		{78B85AC5-F4DD-4EA8-9740-856CF90FE71E}.Debug|Any CPU.Build.0 = Debug|Any CPU
		{78B85AC5-F4DD-4EA8-9740-856CF90FE71E}.Debug|x64.ActiveCfg = Debug|Any CPU
		{78B85AC5-F4DD-4EA8-9740-856CF90FE71E}.Debug|x64.Build.0 = Debug|Any CPU
		{78B85AC5-F4DD-4EA8-9740-856CF90FE71E}.Debug|x86.ActiveCfg = Debug|Any CPU
		{78B85AC5-F4DD-4EA8-9740-856CF90FE71E}.Debug|x86.Build.0 = Debug|Any CPU
		{78B85AC5-F4DD-4EA8-9740-856CF90FE71E}.Release|Any CPU.ActiveCfg = Release|Any CPU
		{78B85AC5-F4DD-4EA8-9740-856CF90FE71E}.Release|Any CPU.Build.0 = Release|Any CPU
		{78B85AC5-F4DD-4EA8-9740-856CF90FE71E}.Release|x64.ActiveCfg = Release|Any CPU
		{78B85AC5-F4DD-4EA8-9740-856CF90FE71E}.Release|x64.Build.0 = Release|Any CPU
		{78B85AC5-F4DD-4EA8-9740-856CF90FE71E}.Release|x86.ActiveCfg = Release|Any CPU
		{78B85AC5-F4DD-4EA8-9740-856CF90FE71E}.Release|x86.Build.0 = Release|Any CPU
		{A7D9158C-520D-4ADA-912E-B4743FFD7DDD}.Debug|Any CPU.ActiveCfg = Debug|Any CPU
		{A7D9158C-520D-4ADA-912E-B4743FFD7DDD}.Debug|Any CPU.Build.0 = Debug|Any CPU
		{A7D9158C-520D-4ADA-912E-B4743FFD7DDD}.Debug|x64.ActiveCfg = Debug|Any CPU
		{A7D9158C-520D-4ADA-912E-B4743FFD7DDD}.Debug|x64.Build.0 = Debug|Any CPU
		{A7D9158C-520D-4ADA-912E-B4743FFD7DDD}.Debug|x86.ActiveCfg = Debug|Any CPU
		{A7D9158C-520D-4ADA-912E-B4743FFD7DDD}.Debug|x86.Build.0 = Debug|Any CPU
		{A7D9158C-520D-4ADA-912E-B4743FFD7DDD}.Release|Any CPU.ActiveCfg = Release|Any CPU
		{A7D9158C-520D-4ADA-912E-B4743FFD7DDD}.Release|Any CPU.Build.0 = Release|Any CPU
		{A7D9158C-520D-4ADA-912E-B4743FFD7DDD}.Release|x64.ActiveCfg = Release|Any CPU
		{A7D9158C-520D-4ADA-912E-B4743FFD7DDD}.Release|x64.Build.0 = Release|Any CPU
		{A7D9158C-520D-4ADA-912E-B4743FFD7DDD}.Release|x86.ActiveCfg = Release|Any CPU
		{A7D9158C-520D-4ADA-912E-B4743FFD7DDD}.Release|x86.Build.0 = Release|Any CPU
		{51234A0B-AC08-42C5-9155-47F649165B79}.Debug|Any CPU.ActiveCfg = Debug|Any CPU
		{51234A0B-AC08-42C5-9155-47F649165B79}.Debug|Any CPU.Build.0 = Debug|Any CPU
		{51234A0B-AC08-42C5-9155-47F649165B79}.Debug|x64.ActiveCfg = Debug|Any CPU
		{51234A0B-AC08-42C5-9155-47F649165B79}.Debug|x64.Build.0 = Debug|Any CPU
		{51234A0B-AC08-42C5-9155-47F649165B79}.Debug|x86.ActiveCfg = Debug|Any CPU
		{51234A0B-AC08-42C5-9155-47F649165B79}.Debug|x86.Build.0 = Debug|Any CPU
		{51234A0B-AC08-42C5-9155-47F649165B79}.Release|Any CPU.ActiveCfg = Release|Any CPU
		{51234A0B-AC08-42C5-9155-47F649165B79}.Release|Any CPU.Build.0 = Release|Any CPU
		{51234A0B-AC08-42C5-9155-47F649165B79}.Release|x64.ActiveCfg = Release|Any CPU
		{51234A0B-AC08-42C5-9155-47F649165B79}.Release|x64.Build.0 = Release|Any CPU
		{51234A0B-AC08-42C5-9155-47F649165B79}.Release|x86.ActiveCfg = Release|Any CPU
		{51234A0B-AC08-42C5-9155-47F649165B79}.Release|x86.Build.0 = Release|Any CPU
		{07867941-90C3-4150-9352-D048FBD1AEEE}.Debug|Any CPU.ActiveCfg = Debug|Any CPU
		{07867941-90C3-4150-9352-D048FBD1AEEE}.Debug|Any CPU.Build.0 = Debug|Any CPU
		{07867941-90C3-4150-9352-D048FBD1AEEE}.Debug|x64.ActiveCfg = Debug|Any CPU
		{07867941-90C3-4150-9352-D048FBD1AEEE}.Debug|x64.Build.0 = Debug|Any CPU
		{07867941-90C3-4150-9352-D048FBD1AEEE}.Debug|x86.ActiveCfg = Debug|Any CPU
		{07867941-90C3-4150-9352-D048FBD1AEEE}.Debug|x86.Build.0 = Debug|Any CPU
		{07867941-90C3-4150-9352-D048FBD1AEEE}.Release|Any CPU.ActiveCfg = Release|Any CPU
		{07867941-90C3-4150-9352-D048FBD1AEEE}.Release|Any CPU.Build.0 = Release|Any CPU
		{07867941-90C3-4150-9352-D048FBD1AEEE}.Release|x64.ActiveCfg = Release|Any CPU
		{07867941-90C3-4150-9352-D048FBD1AEEE}.Release|x64.Build.0 = Release|Any CPU
		{07867941-90C3-4150-9352-D048FBD1AEEE}.Release|x86.ActiveCfg = Release|Any CPU
		{07867941-90C3-4150-9352-D048FBD1AEEE}.Release|x86.Build.0 = Release|Any CPU
		{9507CA59-6ADC-47A7-AF29-558D7BB52E28}.Debug|Any CPU.ActiveCfg = Debug|Any CPU
		{9507CA59-6ADC-47A7-AF29-558D7BB52E28}.Debug|Any CPU.Build.0 = Debug|Any CPU
		{9507CA59-6ADC-47A7-AF29-558D7BB52E28}.Debug|x64.ActiveCfg = Debug|Any CPU
		{9507CA59-6ADC-47A7-AF29-558D7BB52E28}.Debug|x64.Build.0 = Debug|Any CPU
		{9507CA59-6ADC-47A7-AF29-558D7BB52E28}.Debug|x86.ActiveCfg = Debug|Any CPU
		{9507CA59-6ADC-47A7-AF29-558D7BB52E28}.Debug|x86.Build.0 = Debug|Any CPU
		{9507CA59-6ADC-47A7-AF29-558D7BB52E28}.Release|Any CPU.ActiveCfg = Release|Any CPU
		{9507CA59-6ADC-47A7-AF29-558D7BB52E28}.Release|Any CPU.Build.0 = Release|Any CPU
		{9507CA59-6ADC-47A7-AF29-558D7BB52E28}.Release|x64.ActiveCfg = Release|Any CPU
		{9507CA59-6ADC-47A7-AF29-558D7BB52E28}.Release|x64.Build.0 = Release|Any CPU
		{9507CA59-6ADC-47A7-AF29-558D7BB52E28}.Release|x86.ActiveCfg = Release|Any CPU
		{9507CA59-6ADC-47A7-AF29-558D7BB52E28}.Release|x86.Build.0 = Release|Any CPU
		{8011A525-B296-41FA-993E-7F29A484570E}.Debug|Any CPU.ActiveCfg = Debug|Any CPU
		{8011A525-B296-41FA-993E-7F29A484570E}.Debug|Any CPU.Build.0 = Debug|Any CPU
		{8011A525-B296-41FA-993E-7F29A484570E}.Debug|x64.ActiveCfg = Debug|Any CPU
		{8011A525-B296-41FA-993E-7F29A484570E}.Debug|x64.Build.0 = Debug|Any CPU
		{8011A525-B296-41FA-993E-7F29A484570E}.Debug|x86.ActiveCfg = Debug|Any CPU
		{8011A525-B296-41FA-993E-7F29A484570E}.Debug|x86.Build.0 = Debug|Any CPU
		{8011A525-B296-41FA-993E-7F29A484570E}.Release|Any CPU.ActiveCfg = Release|Any CPU
		{8011A525-B296-41FA-993E-7F29A484570E}.Release|Any CPU.Build.0 = Release|Any CPU
		{8011A525-B296-41FA-993E-7F29A484570E}.Release|x64.ActiveCfg = Release|Any CPU
		{8011A525-B296-41FA-993E-7F29A484570E}.Release|x64.Build.0 = Release|Any CPU
		{8011A525-B296-41FA-993E-7F29A484570E}.Release|x86.ActiveCfg = Release|Any CPU
		{8011A525-B296-41FA-993E-7F29A484570E}.Release|x86.Build.0 = Release|Any CPU
		{43B8687A-914D-484A-B797-75F19F7E7A8E}.Debug|Any CPU.ActiveCfg = Debug|Any CPU
		{43B8687A-914D-484A-B797-75F19F7E7A8E}.Debug|Any CPU.Build.0 = Debug|Any CPU
		{43B8687A-914D-484A-B797-75F19F7E7A8E}.Debug|x64.ActiveCfg = Debug|Any CPU
		{43B8687A-914D-484A-B797-75F19F7E7A8E}.Debug|x64.Build.0 = Debug|Any CPU
		{43B8687A-914D-484A-B797-75F19F7E7A8E}.Debug|x86.ActiveCfg = Debug|Any CPU
		{43B8687A-914D-484A-B797-75F19F7E7A8E}.Debug|x86.Build.0 = Debug|Any CPU
		{43B8687A-914D-484A-B797-75F19F7E7A8E}.Release|Any CPU.ActiveCfg = Release|Any CPU
		{43B8687A-914D-484A-B797-75F19F7E7A8E}.Release|Any CPU.Build.0 = Release|Any CPU
		{43B8687A-914D-484A-B797-75F19F7E7A8E}.Release|x64.ActiveCfg = Release|Any CPU
		{43B8687A-914D-484A-B797-75F19F7E7A8E}.Release|x64.Build.0 = Release|Any CPU
		{43B8687A-914D-484A-B797-75F19F7E7A8E}.Release|x86.ActiveCfg = Release|Any CPU
		{43B8687A-914D-484A-B797-75F19F7E7A8E}.Release|x86.Build.0 = Release|Any CPU
		{8B841259-2367-4CE4-A0AC-DB6AA5FA00C1}.Debug|Any CPU.ActiveCfg = Debug|Any CPU
		{8B841259-2367-4CE4-A0AC-DB6AA5FA00C1}.Debug|Any CPU.Build.0 = Debug|Any CPU
		{8B841259-2367-4CE4-A0AC-DB6AA5FA00C1}.Debug|x64.ActiveCfg = Debug|Any CPU
		{8B841259-2367-4CE4-A0AC-DB6AA5FA00C1}.Debug|x64.Build.0 = Debug|Any CPU
		{8B841259-2367-4CE4-A0AC-DB6AA5FA00C1}.Debug|x86.ActiveCfg = Debug|Any CPU
		{8B841259-2367-4CE4-A0AC-DB6AA5FA00C1}.Debug|x86.Build.0 = Debug|Any CPU
		{8B841259-2367-4CE4-A0AC-DB6AA5FA00C1}.Release|Any CPU.ActiveCfg = Release|Any CPU
		{8B841259-2367-4CE4-A0AC-DB6AA5FA00C1}.Release|Any CPU.Build.0 = Release|Any CPU
		{8B841259-2367-4CE4-A0AC-DB6AA5FA00C1}.Release|x64.ActiveCfg = Release|Any CPU
		{8B841259-2367-4CE4-A0AC-DB6AA5FA00C1}.Release|x64.Build.0 = Release|Any CPU
		{8B841259-2367-4CE4-A0AC-DB6AA5FA00C1}.Release|x86.ActiveCfg = Release|Any CPU
		{8B841259-2367-4CE4-A0AC-DB6AA5FA00C1}.Release|x86.Build.0 = Release|Any CPU
		{920A5537-8C02-42A8-84C1-4BC69EED9964}.Debug|Any CPU.ActiveCfg = Debug|Any CPU
		{920A5537-8C02-42A8-84C1-4BC69EED9964}.Debug|Any CPU.Build.0 = Debug|Any CPU
		{920A5537-8C02-42A8-84C1-4BC69EED9964}.Debug|x64.ActiveCfg = Debug|Any CPU
		{920A5537-8C02-42A8-84C1-4BC69EED9964}.Debug|x64.Build.0 = Debug|Any CPU
		{920A5537-8C02-42A8-84C1-4BC69EED9964}.Debug|x86.ActiveCfg = Debug|Any CPU
		{920A5537-8C02-42A8-84C1-4BC69EED9964}.Debug|x86.Build.0 = Debug|Any CPU
		{920A5537-8C02-42A8-84C1-4BC69EED9964}.Release|Any CPU.ActiveCfg = Release|Any CPU
		{920A5537-8C02-42A8-84C1-4BC69EED9964}.Release|Any CPU.Build.0 = Release|Any CPU
		{920A5537-8C02-42A8-84C1-4BC69EED9964}.Release|x64.ActiveCfg = Release|Any CPU
		{920A5537-8C02-42A8-84C1-4BC69EED9964}.Release|x64.Build.0 = Release|Any CPU
		{920A5537-8C02-42A8-84C1-4BC69EED9964}.Release|x86.ActiveCfg = Release|Any CPU
		{920A5537-8C02-42A8-84C1-4BC69EED9964}.Release|x86.Build.0 = Release|Any CPU
		{2476563B-3A39-42C8-B9D0-A12D0BE9B885}.Debug|Any CPU.ActiveCfg = Debug|Any CPU
		{2476563B-3A39-42C8-B9D0-A12D0BE9B885}.Debug|Any CPU.Build.0 = Debug|Any CPU
		{2476563B-3A39-42C8-B9D0-A12D0BE9B885}.Debug|x64.ActiveCfg = Debug|Any CPU
		{2476563B-3A39-42C8-B9D0-A12D0BE9B885}.Debug|x64.Build.0 = Debug|Any CPU
		{2476563B-3A39-42C8-B9D0-A12D0BE9B885}.Debug|x86.ActiveCfg = Debug|Any CPU
		{2476563B-3A39-42C8-B9D0-A12D0BE9B885}.Debug|x86.Build.0 = Debug|Any CPU
		{2476563B-3A39-42C8-B9D0-A12D0BE9B885}.Release|Any CPU.ActiveCfg = Release|Any CPU
		{2476563B-3A39-42C8-B9D0-A12D0BE9B885}.Release|Any CPU.Build.0 = Release|Any CPU
		{2476563B-3A39-42C8-B9D0-A12D0BE9B885}.Release|x64.ActiveCfg = Release|Any CPU
		{2476563B-3A39-42C8-B9D0-A12D0BE9B885}.Release|x64.Build.0 = Release|Any CPU
		{2476563B-3A39-42C8-B9D0-A12D0BE9B885}.Release|x86.ActiveCfg = Release|Any CPU
		{2476563B-3A39-42C8-B9D0-A12D0BE9B885}.Release|x86.Build.0 = Release|Any CPU
		{9D0FD147-4B9A-4236-81B6-5A23EA5957FB}.Debug|Any CPU.ActiveCfg = Debug|Any CPU
		{9D0FD147-4B9A-4236-81B6-5A23EA5957FB}.Debug|Any CPU.Build.0 = Debug|Any CPU
		{9D0FD147-4B9A-4236-81B6-5A23EA5957FB}.Debug|x64.ActiveCfg = Debug|Any CPU
		{9D0FD147-4B9A-4236-81B6-5A23EA5957FB}.Debug|x64.Build.0 = Debug|Any CPU
		{9D0FD147-4B9A-4236-81B6-5A23EA5957FB}.Debug|x86.ActiveCfg = Debug|Any CPU
		{9D0FD147-4B9A-4236-81B6-5A23EA5957FB}.Debug|x86.Build.0 = Debug|Any CPU
		{9D0FD147-4B9A-4236-81B6-5A23EA5957FB}.Release|Any CPU.ActiveCfg = Release|Any CPU
		{9D0FD147-4B9A-4236-81B6-5A23EA5957FB}.Release|Any CPU.Build.0 = Release|Any CPU
		{9D0FD147-4B9A-4236-81B6-5A23EA5957FB}.Release|x64.ActiveCfg = Release|Any CPU
		{9D0FD147-4B9A-4236-81B6-5A23EA5957FB}.Release|x64.Build.0 = Release|Any CPU
		{9D0FD147-4B9A-4236-81B6-5A23EA5957FB}.Release|x86.ActiveCfg = Release|Any CPU
		{9D0FD147-4B9A-4236-81B6-5A23EA5957FB}.Release|x86.Build.0 = Release|Any CPU
		{991CE3E1-C0A2-4227-A29C-F01A7C2CDD1A}.Debug|Any CPU.ActiveCfg = Debug|Any CPU
		{991CE3E1-C0A2-4227-A29C-F01A7C2CDD1A}.Debug|Any CPU.Build.0 = Debug|Any CPU
		{991CE3E1-C0A2-4227-A29C-F01A7C2CDD1A}.Debug|x64.ActiveCfg = Debug|Any CPU
		{991CE3E1-C0A2-4227-A29C-F01A7C2CDD1A}.Debug|x64.Build.0 = Debug|Any CPU
		{991CE3E1-C0A2-4227-A29C-F01A7C2CDD1A}.Debug|x86.ActiveCfg = Debug|Any CPU
		{991CE3E1-C0A2-4227-A29C-F01A7C2CDD1A}.Debug|x86.Build.0 = Debug|Any CPU
		{991CE3E1-C0A2-4227-A29C-F01A7C2CDD1A}.Release|Any CPU.ActiveCfg = Release|Any CPU
		{991CE3E1-C0A2-4227-A29C-F01A7C2CDD1A}.Release|Any CPU.Build.0 = Release|Any CPU
		{991CE3E1-C0A2-4227-A29C-F01A7C2CDD1A}.Release|x64.ActiveCfg = Release|Any CPU
		{991CE3E1-C0A2-4227-A29C-F01A7C2CDD1A}.Release|x64.Build.0 = Release|Any CPU
		{991CE3E1-C0A2-4227-A29C-F01A7C2CDD1A}.Release|x86.ActiveCfg = Release|Any CPU
		{991CE3E1-C0A2-4227-A29C-F01A7C2CDD1A}.Release|x86.Build.0 = Release|Any CPU
		{7B9BB801-6E35-4BA1-962E-464476EE2D53}.Debug|Any CPU.ActiveCfg = Debug|Any CPU
		{7B9BB801-6E35-4BA1-962E-464476EE2D53}.Debug|Any CPU.Build.0 = Debug|Any CPU
		{7B9BB801-6E35-4BA1-962E-464476EE2D53}.Debug|x64.ActiveCfg = Debug|Any CPU
		{7B9BB801-6E35-4BA1-962E-464476EE2D53}.Debug|x64.Build.0 = Debug|Any CPU
		{7B9BB801-6E35-4BA1-962E-464476EE2D53}.Debug|x86.ActiveCfg = Debug|Any CPU
		{7B9BB801-6E35-4BA1-962E-464476EE2D53}.Debug|x86.Build.0 = Debug|Any CPU
		{7B9BB801-6E35-4BA1-962E-464476EE2D53}.Release|Any CPU.ActiveCfg = Release|Any CPU
		{7B9BB801-6E35-4BA1-962E-464476EE2D53}.Release|Any CPU.Build.0 = Release|Any CPU
		{7B9BB801-6E35-4BA1-962E-464476EE2D53}.Release|x64.ActiveCfg = Release|Any CPU
		{7B9BB801-6E35-4BA1-962E-464476EE2D53}.Release|x64.Build.0 = Release|Any CPU
		{7B9BB801-6E35-4BA1-962E-464476EE2D53}.Release|x86.ActiveCfg = Release|Any CPU
		{7B9BB801-6E35-4BA1-962E-464476EE2D53}.Release|x86.Build.0 = Release|Any CPU
		{91F9856A-B0D8-4D26-857A-A9D544B615D3}.Debug|Any CPU.ActiveCfg = Debug|Any CPU
		{91F9856A-B0D8-4D26-857A-A9D544B615D3}.Debug|Any CPU.Build.0 = Debug|Any CPU
		{91F9856A-B0D8-4D26-857A-A9D544B615D3}.Debug|x64.ActiveCfg = Debug|Any CPU
		{91F9856A-B0D8-4D26-857A-A9D544B615D3}.Debug|x64.Build.0 = Debug|Any CPU
		{91F9856A-B0D8-4D26-857A-A9D544B615D3}.Debug|x86.ActiveCfg = Debug|Any CPU
		{91F9856A-B0D8-4D26-857A-A9D544B615D3}.Debug|x86.Build.0 = Debug|Any CPU
		{91F9856A-B0D8-4D26-857A-A9D544B615D3}.Release|Any CPU.ActiveCfg = Release|Any CPU
		{91F9856A-B0D8-4D26-857A-A9D544B615D3}.Release|Any CPU.Build.0 = Release|Any CPU
		{91F9856A-B0D8-4D26-857A-A9D544B615D3}.Release|x64.ActiveCfg = Release|Any CPU
		{91F9856A-B0D8-4D26-857A-A9D544B615D3}.Release|x64.Build.0 = Release|Any CPU
		{91F9856A-B0D8-4D26-857A-A9D544B615D3}.Release|x86.ActiveCfg = Release|Any CPU
		{91F9856A-B0D8-4D26-857A-A9D544B615D3}.Release|x86.Build.0 = Release|Any CPU
		{D6DDBA6C-975D-4EE7-AAE3-80170E08C745}.Debug|Any CPU.ActiveCfg = Debug|Any CPU
		{D6DDBA6C-975D-4EE7-AAE3-80170E08C745}.Debug|Any CPU.Build.0 = Debug|Any CPU
		{D6DDBA6C-975D-4EE7-AAE3-80170E08C745}.Debug|x64.ActiveCfg = Debug|Any CPU
		{D6DDBA6C-975D-4EE7-AAE3-80170E08C745}.Debug|x64.Build.0 = Debug|Any CPU
		{D6DDBA6C-975D-4EE7-AAE3-80170E08C745}.Debug|x86.ActiveCfg = Debug|Any CPU
		{D6DDBA6C-975D-4EE7-AAE3-80170E08C745}.Debug|x86.Build.0 = Debug|Any CPU
		{D6DDBA6C-975D-4EE7-AAE3-80170E08C745}.Release|Any CPU.ActiveCfg = Release|Any CPU
		{D6DDBA6C-975D-4EE7-AAE3-80170E08C745}.Release|Any CPU.Build.0 = Release|Any CPU
		{D6DDBA6C-975D-4EE7-AAE3-80170E08C745}.Release|x64.ActiveCfg = Release|Any CPU
		{D6DDBA6C-975D-4EE7-AAE3-80170E08C745}.Release|x64.Build.0 = Release|Any CPU
		{D6DDBA6C-975D-4EE7-AAE3-80170E08C745}.Release|x86.ActiveCfg = Release|Any CPU
		{D6DDBA6C-975D-4EE7-AAE3-80170E08C745}.Release|x86.Build.0 = Release|Any CPU
		{5EC6727A-EC5B-43FE-8202-81CF1B224550}.Debug|Any CPU.ActiveCfg = Debug|Any CPU
		{5EC6727A-EC5B-43FE-8202-81CF1B224550}.Debug|Any CPU.Build.0 = Debug|Any CPU
		{5EC6727A-EC5B-43FE-8202-81CF1B224550}.Debug|x64.ActiveCfg = Debug|Any CPU
		{5EC6727A-EC5B-43FE-8202-81CF1B224550}.Debug|x64.Build.0 = Debug|Any CPU
		{5EC6727A-EC5B-43FE-8202-81CF1B224550}.Debug|x86.ActiveCfg = Debug|Any CPU
		{5EC6727A-EC5B-43FE-8202-81CF1B224550}.Debug|x86.Build.0 = Debug|Any CPU
		{5EC6727A-EC5B-43FE-8202-81CF1B224550}.Release|Any CPU.ActiveCfg = Release|Any CPU
		{5EC6727A-EC5B-43FE-8202-81CF1B224550}.Release|Any CPU.Build.0 = Release|Any CPU
		{5EC6727A-EC5B-43FE-8202-81CF1B224550}.Release|x64.ActiveCfg = Release|Any CPU
		{5EC6727A-EC5B-43FE-8202-81CF1B224550}.Release|x64.Build.0 = Release|Any CPU
		{5EC6727A-EC5B-43FE-8202-81CF1B224550}.Release|x86.ActiveCfg = Release|Any CPU
		{5EC6727A-EC5B-43FE-8202-81CF1B224550}.Release|x86.Build.0 = Release|Any CPU
		{2C46F9C1-2FCC-464F-BFB6-A766588C326B}.Debug|Any CPU.ActiveCfg = Debug|Any CPU
		{2C46F9C1-2FCC-464F-BFB6-A766588C326B}.Debug|Any CPU.Build.0 = Debug|Any CPU
		{2C46F9C1-2FCC-464F-BFB6-A766588C326B}.Debug|x64.ActiveCfg = Debug|Any CPU
		{2C46F9C1-2FCC-464F-BFB6-A766588C326B}.Debug|x64.Build.0 = Debug|Any CPU
		{2C46F9C1-2FCC-464F-BFB6-A766588C326B}.Debug|x86.ActiveCfg = Debug|Any CPU
		{2C46F9C1-2FCC-464F-BFB6-A766588C326B}.Debug|x86.Build.0 = Debug|Any CPU
		{2C46F9C1-2FCC-464F-BFB6-A766588C326B}.Release|Any CPU.ActiveCfg = Release|Any CPU
		{2C46F9C1-2FCC-464F-BFB6-A766588C326B}.Release|Any CPU.Build.0 = Release|Any CPU
		{2C46F9C1-2FCC-464F-BFB6-A766588C326B}.Release|x64.ActiveCfg = Release|Any CPU
		{2C46F9C1-2FCC-464F-BFB6-A766588C326B}.Release|x64.Build.0 = Release|Any CPU
		{2C46F9C1-2FCC-464F-BFB6-A766588C326B}.Release|x86.ActiveCfg = Release|Any CPU
		{2C46F9C1-2FCC-464F-BFB6-A766588C326B}.Release|x86.Build.0 = Release|Any CPU
		{8DE8BDC4-D486-40D5-8A01-9995F9669A27}.Debug|Any CPU.ActiveCfg = Debug|Any CPU
		{8DE8BDC4-D486-40D5-8A01-9995F9669A27}.Debug|Any CPU.Build.0 = Debug|Any CPU
		{8DE8BDC4-D486-40D5-8A01-9995F9669A27}.Debug|x64.ActiveCfg = Debug|Any CPU
		{8DE8BDC4-D486-40D5-8A01-9995F9669A27}.Debug|x64.Build.0 = Debug|Any CPU
		{8DE8BDC4-D486-40D5-8A01-9995F9669A27}.Debug|x86.ActiveCfg = Debug|Any CPU
		{8DE8BDC4-D486-40D5-8A01-9995F9669A27}.Debug|x86.Build.0 = Debug|Any CPU
		{8DE8BDC4-D486-40D5-8A01-9995F9669A27}.Release|Any CPU.ActiveCfg = Release|Any CPU
		{8DE8BDC4-D486-40D5-8A01-9995F9669A27}.Release|Any CPU.Build.0 = Release|Any CPU
		{8DE8BDC4-D486-40D5-8A01-9995F9669A27}.Release|x64.ActiveCfg = Release|Any CPU
		{8DE8BDC4-D486-40D5-8A01-9995F9669A27}.Release|x64.Build.0 = Release|Any CPU
		{8DE8BDC4-D486-40D5-8A01-9995F9669A27}.Release|x86.ActiveCfg = Release|Any CPU
		{8DE8BDC4-D486-40D5-8A01-9995F9669A27}.Release|x86.Build.0 = Release|Any CPU
		{A89E9EE2-F89B-4CB9-87FA-B7B24535FB48}.Debug|Any CPU.ActiveCfg = Debug|Any CPU
		{A89E9EE2-F89B-4CB9-87FA-B7B24535FB48}.Debug|Any CPU.Build.0 = Debug|Any CPU
		{A89E9EE2-F89B-4CB9-87FA-B7B24535FB48}.Debug|x64.ActiveCfg = Debug|Any CPU
		{A89E9EE2-F89B-4CB9-87FA-B7B24535FB48}.Debug|x64.Build.0 = Debug|Any CPU
		{A89E9EE2-F89B-4CB9-87FA-B7B24535FB48}.Debug|x86.ActiveCfg = Debug|Any CPU
		{A89E9EE2-F89B-4CB9-87FA-B7B24535FB48}.Debug|x86.Build.0 = Debug|Any CPU
		{A89E9EE2-F89B-4CB9-87FA-B7B24535FB48}.Release|Any CPU.ActiveCfg = Release|Any CPU
		{A89E9EE2-F89B-4CB9-87FA-B7B24535FB48}.Release|Any CPU.Build.0 = Release|Any CPU
		{A89E9EE2-F89B-4CB9-87FA-B7B24535FB48}.Release|x64.ActiveCfg = Release|Any CPU
		{A89E9EE2-F89B-4CB9-87FA-B7B24535FB48}.Release|x64.Build.0 = Release|Any CPU
		{A89E9EE2-F89B-4CB9-87FA-B7B24535FB48}.Release|x86.ActiveCfg = Release|Any CPU
		{A89E9EE2-F89B-4CB9-87FA-B7B24535FB48}.Release|x86.Build.0 = Release|Any CPU
		{D3D13A29-DC60-45E2-BFEA-6EE2A5405527}.Debug|Any CPU.ActiveCfg = Debug|Any CPU
		{D3D13A29-DC60-45E2-BFEA-6EE2A5405527}.Debug|Any CPU.Build.0 = Debug|Any CPU
		{D3D13A29-DC60-45E2-BFEA-6EE2A5405527}.Debug|x64.ActiveCfg = Debug|Any CPU
		{D3D13A29-DC60-45E2-BFEA-6EE2A5405527}.Debug|x64.Build.0 = Debug|Any CPU
		{D3D13A29-DC60-45E2-BFEA-6EE2A5405527}.Debug|x86.ActiveCfg = Debug|Any CPU
		{D3D13A29-DC60-45E2-BFEA-6EE2A5405527}.Debug|x86.Build.0 = Debug|Any CPU
		{D3D13A29-DC60-45E2-BFEA-6EE2A5405527}.Release|Any CPU.ActiveCfg = Release|Any CPU
		{D3D13A29-DC60-45E2-BFEA-6EE2A5405527}.Release|Any CPU.Build.0 = Release|Any CPU
		{D3D13A29-DC60-45E2-BFEA-6EE2A5405527}.Release|x64.ActiveCfg = Release|Any CPU
		{D3D13A29-DC60-45E2-BFEA-6EE2A5405527}.Release|x64.Build.0 = Release|Any CPU
		{D3D13A29-DC60-45E2-BFEA-6EE2A5405527}.Release|x86.ActiveCfg = Release|Any CPU
		{D3D13A29-DC60-45E2-BFEA-6EE2A5405527}.Release|x86.Build.0 = Release|Any CPU
		{EE6AEEED-F8EC-47A2-96D6-588C5C5B1725}.Debug|Any CPU.ActiveCfg = Debug|Any CPU
		{EE6AEEED-F8EC-47A2-96D6-588C5C5B1725}.Debug|Any CPU.Build.0 = Debug|Any CPU
		{EE6AEEED-F8EC-47A2-96D6-588C5C5B1725}.Debug|x64.ActiveCfg = Debug|Any CPU
		{EE6AEEED-F8EC-47A2-96D6-588C5C5B1725}.Debug|x64.Build.0 = Debug|Any CPU
		{EE6AEEED-F8EC-47A2-96D6-588C5C5B1725}.Debug|x86.ActiveCfg = Debug|Any CPU
		{EE6AEEED-F8EC-47A2-96D6-588C5C5B1725}.Debug|x86.Build.0 = Debug|Any CPU
		{EE6AEEED-F8EC-47A2-96D6-588C5C5B1725}.Release|Any CPU.ActiveCfg = Release|Any CPU
		{EE6AEEED-F8EC-47A2-96D6-588C5C5B1725}.Release|Any CPU.Build.0 = Release|Any CPU
		{EE6AEEED-F8EC-47A2-96D6-588C5C5B1725}.Release|x64.ActiveCfg = Release|Any CPU
		{EE6AEEED-F8EC-47A2-96D6-588C5C5B1725}.Release|x64.Build.0 = Release|Any CPU
		{EE6AEEED-F8EC-47A2-96D6-588C5C5B1725}.Release|x86.ActiveCfg = Release|Any CPU
		{EE6AEEED-F8EC-47A2-96D6-588C5C5B1725}.Release|x86.Build.0 = Release|Any CPU
	EndGlobalSection
	GlobalSection(NestedProjects) = preSolution
		{D264CAEC-2137-46D8-B637-FCE7CBE3B390} = {17CDA34C-429F-421D-B245-538A6FFE8248}
		{C8F188CA-2671-4364-B53C-43832627C0DA} = {D264CAEC-2137-46D8-B637-FCE7CBE3B390}
		{9C1A424A-64A5-4BAA-BCE5-529F2148497F} = {D264CAEC-2137-46D8-B637-FCE7CBE3B390}
		{8D60C9DA-A2C2-4E35-803D-F26D2C665500} = {D264CAEC-2137-46D8-B637-FCE7CBE3B390}
		{7CBB0012-7045-46CE-AEB9-A7F1B0C3FC4B} = {8D60C9DA-A2C2-4E35-803D-F26D2C665500}
		{32BFE3DD-3F5C-4DCA-AAE1-79A934C4A36D} = {D264CAEC-2137-46D8-B637-FCE7CBE3B390}
		{78B85AC5-F4DD-4EA8-9740-856CF90FE71E} = {32BFE3DD-3F5C-4DCA-AAE1-79A934C4A36D}
		{A7D9158C-520D-4ADA-912E-B4743FFD7DDD} = {32BFE3DD-3F5C-4DCA-AAE1-79A934C4A36D}
		{51234A0B-AC08-42C5-9155-47F649165B79} = {32BFE3DD-3F5C-4DCA-AAE1-79A934C4A36D}
		{07867941-90C3-4150-9352-D048FBD1AEEE} = {32BFE3DD-3F5C-4DCA-AAE1-79A934C4A36D}
		{9507CA59-6ADC-47A7-AF29-558D7BB52E28} = {32BFE3DD-3F5C-4DCA-AAE1-79A934C4A36D}
		{1DBE5F90-EF3B-4E54-AD41-AB9C8BFFE3E8} = {D264CAEC-2137-46D8-B637-FCE7CBE3B390}
		{8011A525-B296-41FA-993E-7F29A484570E} = {1DBE5F90-EF3B-4E54-AD41-AB9C8BFFE3E8}
		{43B8687A-914D-484A-B797-75F19F7E7A8E} = {1DBE5F90-EF3B-4E54-AD41-AB9C8BFFE3E8}
		{CAC6A27B-7731-4C85-AF4F-15FB80F9F264} = {17CDA34C-429F-421D-B245-538A6FFE8248}
		{F70ABE9E-7F4E-4F4C-B75B-96B9222F03A4} = {CAC6A27B-7731-4C85-AF4F-15FB80F9F264}
		{8B841259-2367-4CE4-A0AC-DB6AA5FA00C1} = {F70ABE9E-7F4E-4F4C-B75B-96B9222F03A4}
		{920A5537-8C02-42A8-84C1-4BC69EED9964} = {F70ABE9E-7F4E-4F4C-B75B-96B9222F03A4}
		{2476563B-3A39-42C8-B9D0-A12D0BE9B885} = {F70ABE9E-7F4E-4F4C-B75B-96B9222F03A4}
		{9D0FD147-4B9A-4236-81B6-5A23EA5957FB} = {F70ABE9E-7F4E-4F4C-B75B-96B9222F03A4}
		{991CE3E1-C0A2-4227-A29C-F01A7C2CDD1A} = {F70ABE9E-7F4E-4F4C-B75B-96B9222F03A4}
		{7B9BB801-6E35-4BA1-962E-464476EE2D53} = {F70ABE9E-7F4E-4F4C-B75B-96B9222F03A4}
		{91F9856A-B0D8-4D26-857A-A9D544B615D3} = {F70ABE9E-7F4E-4F4C-B75B-96B9222F03A4}
		{C02928F2-8843-47FA-BE18-5510B6092929} = {CAC6A27B-7731-4C85-AF4F-15FB80F9F264}
		{D6DDBA6C-975D-4EE7-AAE3-80170E08C745} = {C02928F2-8843-47FA-BE18-5510B6092929}
		{5EC6727A-EC5B-43FE-8202-81CF1B224550} = {C02928F2-8843-47FA-BE18-5510B6092929}
		{2C46F9C1-2FCC-464F-BFB6-A766588C326B} = {C02928F2-8843-47FA-BE18-5510B6092929}
		{826ED872-18E8-4FA5-B3D1-0F5F87ED9CD6} = {CAC6A27B-7731-4C85-AF4F-15FB80F9F264}
		{8DE8BDC4-D486-40D5-8A01-9995F9669A27} = {826ED872-18E8-4FA5-B3D1-0F5F87ED9CD6}
		{A89E9EE2-F89B-4CB9-87FA-B7B24535FB48} = {F70ABE9E-7F4E-4F4C-B75B-96B9222F03A4}
		{D3D13A29-DC60-45E2-BFEA-6EE2A5405527} = {C02928F2-8843-47FA-BE18-5510B6092929}
		{EE6AEEED-F8EC-47A2-96D6-588C5C5B1725} = {F70ABE9E-7F4E-4F4C-B75B-96B9222F03A4}
	EndGlobalSection
EndGlobal
